// !$*UTF8*$!
{
	archiveVersion = 1;
	classes = {
	};
	objectVersion = 48;
	objects = {

/* Begin PBXBuildFile section */
		0AD74B0176CBC7D15AD9EAEF /* Pods_FinalProjectTests.framework in Frameworks */ = {isa = PBXBuildFile; fileRef = 38ECB6B589D8484339EAC0E2 /* Pods_FinalProjectTests.framework */; };
		D268B0CF40CEF3D3B6E78F83 /* Pods_FinalProject.framework in Frameworks */ = {isa = PBXBuildFile; fileRef = CCDA376CA627469CDA2EDB63 /* Pods_FinalProject.framework */; };
		F305E6DF206BCD3F00DE5495 /* TrendingViewModel.swift in Sources */ = {isa = PBXBuildFile; fileRef = F305E6DE206BCD3F00DE5495 /* TrendingViewModel.swift */; };
		F305E6E4206BD3F200DE5495 /* ContentTableCellViewModel.swift in Sources */ = {isa = PBXBuildFile; fileRef = F305E6E1206BD3F200DE5495 /* ContentTableCellViewModel.swift */; };
		F305E6E5206BD3F200DE5495 /* ContentTableViewCell.swift in Sources */ = {isa = PBXBuildFile; fileRef = F305E6E2206BD3F200DE5495 /* ContentTableViewCell.swift */; };
		F305E6E6206BD3F200DE5495 /* ContentTableViewCell.xib in Resources */ = {isa = PBXBuildFile; fileRef = F305E6E3206BD3F200DE5495 /* ContentTableViewCell.xib */; };
		F305E6EA206BD41F00DE5495 /* HomeViewModel.swift in Sources */ = {isa = PBXBuildFile; fileRef = F305E6E7206BD41E00DE5495 /* HomeViewModel.swift */; };
		F305E6EB206BD41F00DE5495 /* HomeViewController.swift in Sources */ = {isa = PBXBuildFile; fileRef = F305E6E8206BD41E00DE5495 /* HomeViewController.swift */; };
		F305E6EC206BD41F00DE5495 /* HomeViewController.xib in Resources */ = {isa = PBXBuildFile; fileRef = F305E6E9206BD41F00DE5495 /* HomeViewController.xib */; };
		F305E6F0206BE21A00DE5495 /* SearchViewController.swift in Sources */ = {isa = PBXBuildFile; fileRef = F305E6EE206BE21A00DE5495 /* SearchViewController.swift */; };
		F305E6F1206BE21A00DE5495 /* SearchViewController.xib in Resources */ = {isa = PBXBuildFile; fileRef = F305E6EF206BE21A00DE5495 /* SearchViewController.xib */; };
		F305E6F3206BE27200DE5495 /* SearchViewModel.swift in Sources */ = {isa = PBXBuildFile; fileRef = F305E6F2206BE27200DE5495 /* SearchViewModel.swift */; };
		F305E6F7206BED2200DE5495 /* SearchTableViewCell.swift in Sources */ = {isa = PBXBuildFile; fileRef = F305E6F5206BED2200DE5495 /* SearchTableViewCell.swift */; };
		F305E6F8206BED2200DE5495 /* SearchTableViewCell.xib in Resources */ = {isa = PBXBuildFile; fileRef = F305E6F6206BED2200DE5495 /* SearchTableViewCell.xib */; };
		F305E6FA206BED7200DE5495 /* SearchTableCellViewModel.swift in Sources */ = {isa = PBXBuildFile; fileRef = F305E6F9206BED7200DE5495 /* SearchTableCellViewModel.swift */; };
		F305E6FC206BF0DA00DE5495 /* FavoriteViewModel.swift in Sources */ = {isa = PBXBuildFile; fileRef = F305E6FB206BF0DA00DE5495 /* FavoriteViewModel.swift */; };
		F305E6FF206BF3CD00DE5495 /* CategoryTableViewCell.swift in Sources */ = {isa = PBXBuildFile; fileRef = F305E6FD206BF3CD00DE5495 /* CategoryTableViewCell.swift */; };
		F305E700206BF3CD00DE5495 /* CategoryTableViewCell.xib in Resources */ = {isa = PBXBuildFile; fileRef = F305E6FE206BF3CD00DE5495 /* CategoryTableViewCell.xib */; };
		F305E702206BF3EB00DE5495 /* CategoryTableCellViewModel.swift in Sources */ = {isa = PBXBuildFile; fileRef = F305E701206BF3EB00DE5495 /* CategoryTableCellViewModel.swift */; };
		F305E704206BF44F00DE5495 /* Category.swift in Sources */ = {isa = PBXBuildFile; fileRef = F305E703206BF44F00DE5495 /* Category.swift */; };
		F305E706206BF52A00DE5495 /* Video.swift in Sources */ = {isa = PBXBuildFile; fileRef = F305E705206BF52A00DE5495 /* Video.swift */; };
		F305E70A206BF77500DE5495 /* FavoriteCollectionViewCell.swift in Sources */ = {isa = PBXBuildFile; fileRef = F305E708206BF77500DE5495 /* FavoriteCollectionViewCell.swift */; };
		F305E70B206BF77500DE5495 /* FavoriteCollectionViewCell.xib in Resources */ = {isa = PBXBuildFile; fileRef = F305E709206BF77500DE5495 /* FavoriteCollectionViewCell.xib */; };
		F305E70D206BF7A500DE5495 /* FavoriteCollectionViewModel.swift in Sources */ = {isa = PBXBuildFile; fileRef = F305E70C206BF7A500DE5495 /* FavoriteCollectionViewModel.swift */; };
		F305E711206BFF1400DE5495 /* CreateFolderCell.swift in Sources */ = {isa = PBXBuildFile; fileRef = F305E70F206BFF1400DE5495 /* CreateFolderCell.swift */; };
		F305E712206BFF1400DE5495 /* CreateFolderCell.xib in Resources */ = {isa = PBXBuildFile; fileRef = F305E710206BFF1400DE5495 /* CreateFolderCell.xib */; };
		F305E714206C026D00DE5495 /* HistoryViewModel.swift in Sources */ = {isa = PBXBuildFile; fileRef = F305E713206C026D00DE5495 /* HistoryViewModel.swift */; };
		F328403D207A140700F4C976 /* AutoNextVideoCell.swift in Sources */ = {isa = PBXBuildFile; fileRef = F328403B207A140700F4C976 /* AutoNextVideoCell.swift */; };
		F328403E207A140700F4C976 /* AutoNextVideoCell.xib in Resources */ = {isa = PBXBuildFile; fileRef = F328403C207A140700F4C976 /* AutoNextVideoCell.xib */; };
		F3284040207A202500F4C976 /* NSContraintExtension.swift in Sources */ = {isa = PBXBuildFile; fileRef = F328403F207A202500F4C976 /* NSContraintExtension.swift */; };
		F3457F25207910FF00DA9BBA /* InfoCell.swift in Sources */ = {isa = PBXBuildFile; fileRef = F3457F23207910FF00DA9BBA /* InfoCell.swift */; };
		F3457F26207910FF00DA9BBA /* InfoCell.xib in Resources */ = {isa = PBXBuildFile; fileRef = F3457F24207910FF00DA9BBA /* InfoCell.xib */; };
		F3457F282079129000DA9BBA /* InfoCellModel.swift in Sources */ = {isa = PBXBuildFile; fileRef = F3457F272079129000DA9BBA /* InfoCellModel.swift */; };
		F3457F2C20791B8E00DA9BBA /* RelateVideoCell.swift in Sources */ = {isa = PBXBuildFile; fileRef = F3457F2A20791B8E00DA9BBA /* RelateVideoCell.swift */; };
		F3457F2D20791B8E00DA9BBA /* RelateVideoCell.xib in Resources */ = {isa = PBXBuildFile; fileRef = F3457F2B20791B8E00DA9BBA /* RelateVideoCell.xib */; };
		F3457F2F20791C2B00DA9BBA /* RelateVideoCellModel.swift in Sources */ = {isa = PBXBuildFile; fileRef = F3457F2E20791C2B00DA9BBA /* RelateVideoCellModel.swift */; };
		F3457F3220791DFC00DA9BBA /* DescriptionCellViewModel.swift in Sources */ = {isa = PBXBuildFile; fileRef = F3457F3120791DFC00DA9BBA /* DescriptionCellViewModel.swift */; };
		F3457F3520791E1000DA9BBA /* DescriptionCell.swift in Sources */ = {isa = PBXBuildFile; fileRef = F3457F3320791E1000DA9BBA /* DescriptionCell.swift */; };
		F3457F3620791E1000DA9BBA /* DescriptionCell.xib in Resources */ = {isa = PBXBuildFile; fileRef = F3457F3420791E1000DA9BBA /* DescriptionCell.xib */; };
		F3457F3820792CC200DA9BBA /* ChannelService.swift in Sources */ = {isa = PBXBuildFile; fileRef = F3457F3720792CC200DA9BBA /* ChannelService.swift */; };
		F34E00B420693078002D783D /* Array.swift in Sources */ = {isa = PBXBuildFile; fileRef = F34E006920693077002D783D /* Array.swift */; };
		F34E00B520693078002D783D /* Bundle.swift in Sources */ = {isa = PBXBuildFile; fileRef = F34E006A20693077002D783D /* Bundle.swift */; };
		F34E00B620693078002D783D /* CGRect.swift in Sources */ = {isa = PBXBuildFile; fileRef = F34E006B20693077002D783D /* CGRect.swift */; };
		F34E00B720693078002D783D /* Data.swift in Sources */ = {isa = PBXBuildFile; fileRef = F34E006C20693077002D783D /* Data.swift */; };
		F34E00B820693078002D783D /* Date.swift in Sources */ = {isa = PBXBuildFile; fileRef = F34E006D20693077002D783D /* Date.swift */; };
		F34E00B920693078002D783D /* Dictionary.swift in Sources */ = {isa = PBXBuildFile; fileRef = F34E006E20693077002D783D /* Dictionary.swift */; };
		F34E00BA20693078002D783D /* DispatchQueue.swift in Sources */ = {isa = PBXBuildFile; fileRef = F34E006F20693077002D783D /* DispatchQueue.swift */; };
		F34E00BB20693078002D783D /* FileManager.swift in Sources */ = {isa = PBXBuildFile; fileRef = F34E007020693077002D783D /* FileManager.swift */; };
		F34E00BC20693078002D783D /* Int.swift in Sources */ = {isa = PBXBuildFile; fileRef = F34E007120693077002D783D /* Int.swift */; };
		F34E00BD20693078002D783D /* Label.swift in Sources */ = {isa = PBXBuildFile; fileRef = F34E007220693077002D783D /* Label.swift */; };
		F34E00BE20693078002D783D /* NSLock.swift in Sources */ = {isa = PBXBuildFile; fileRef = F34E007320693077002D783D /* NSLock.swift */; };
		F34E00BF20693078002D783D /* NSObject.swift in Sources */ = {isa = PBXBuildFile; fileRef = F34E007420693077002D783D /* NSObject.swift */; };
		F34E00C020693078002D783D /* Optional.swift in Sources */ = {isa = PBXBuildFile; fileRef = F34E007520693077002D783D /* Optional.swift */; };
		F34E00C120693078002D783D /* RefreshControl.swift in Sources */ = {isa = PBXBuildFile; fileRef = F34E007620693077002D783D /* RefreshControl.swift */; };
		F34E00C220693078002D783D /* Regex.swift in Sources */ = {isa = PBXBuildFile; fileRef = F34E007720693077002D783D /* Regex.swift */; };
		F34E00C320693078002D783D /* String.swift in Sources */ = {isa = PBXBuildFile; fileRef = F34E007820693077002D783D /* String.swift */; };
		F34E00C420693078002D783D /* Timer.swift in Sources */ = {isa = PBXBuildFile; fileRef = F34E007920693077002D783D /* Timer.swift */; };
		F34E00C520693078002D783D /* UIApplication.swift in Sources */ = {isa = PBXBuildFile; fileRef = F34E007A20693077002D783D /* UIApplication.swift */; };
		F34E00C620693078002D783D /* UIButton.swift in Sources */ = {isa = PBXBuildFile; fileRef = F34E007B20693077002D783D /* UIButton.swift */; };
		F34E00C720693078002D783D /* UICollectionView.swift in Sources */ = {isa = PBXBuildFile; fileRef = F34E007C20693077002D783D /* UICollectionView.swift */; };
		F34E00C820693078002D783D /* UIColor.swift in Sources */ = {isa = PBXBuildFile; fileRef = F34E007D20693077002D783D /* UIColor.swift */; };
		F34E00C920693078002D783D /* UIImage.swift in Sources */ = {isa = PBXBuildFile; fileRef = F34E007E20693077002D783D /* UIImage.swift */; };
		F34E00CA20693078002D783D /* UIImageView.swift in Sources */ = {isa = PBXBuildFile; fileRef = F34E007F20693077002D783D /* UIImageView.swift */; };
		F34E00CB20693078002D783D /* UILabel.swift in Sources */ = {isa = PBXBuildFile; fileRef = F34E008020693077002D783D /* UILabel.swift */; };
		F34E00CC20693078002D783D /* UINavigationController.swift in Sources */ = {isa = PBXBuildFile; fileRef = F34E008120693077002D783D /* UINavigationController.swift */; };
		F34E00CD20693078002D783D /* UINib.swift in Sources */ = {isa = PBXBuildFile; fileRef = F34E008220693077002D783D /* UINib.swift */; };
		F34E00CE20693078002D783D /* UIScrollView.swift in Sources */ = {isa = PBXBuildFile; fileRef = F34E008320693077002D783D /* UIScrollView.swift */; };
		F34E00CF20693078002D783D /* UIStoryboard.swift in Sources */ = {isa = PBXBuildFile; fileRef = F34E008420693077002D783D /* UIStoryboard.swift */; };
		F34E00D020693078002D783D /* UITableView.swift in Sources */ = {isa = PBXBuildFile; fileRef = F34E008520693077002D783D /* UITableView.swift */; };
		F34E00D120693078002D783D /* UITextField.swift in Sources */ = {isa = PBXBuildFile; fileRef = F34E008620693077002D783D /* UITextField.swift */; };
		F34E00D220693078002D783D /* UIView.swift in Sources */ = {isa = PBXBuildFile; fileRef = F34E008720693077002D783D /* UIView.swift */; };
		F34E00D320693078002D783D /* UIViewController.swift in Sources */ = {isa = PBXBuildFile; fileRef = F34E008820693077002D783D /* UIViewController.swift */; };
		F34E00D420693078002D783D /* Font.swift in Sources */ = {isa = PBXBuildFile; fileRef = F34E008A20693077002D783D /* Font.swift */; };
		F34E00D520693078002D783D /* Helper.swift in Sources */ = {isa = PBXBuildFile; fileRef = F34E008B20693077002D783D /* Helper.swift */; };
		F34E00D920693078002D783D /* Strings.swift in Sources */ = {isa = PBXBuildFile; fileRef = F34E008F20693077002D783D /* Strings.swift */; };
		F34E00E820693078002D783D /* AlertView.swift in Sources */ = {isa = PBXBuildFile; fileRef = F34E00A320693077002D783D /* AlertView.swift */; };
		F34E00E920693078002D783D /* DatePicker.swift in Sources */ = {isa = PBXBuildFile; fileRef = F34E00A420693077002D783D /* DatePicker.swift */; };
		F34E00EA20693078002D783D /* ExpandTextField.swift in Sources */ = {isa = PBXBuildFile; fileRef = F34E00A520693077002D783D /* ExpandTextField.swift */; };
		F34E00EB20693078002D783D /* FacebookCommon.swift in Sources */ = {isa = PBXBuildFile; fileRef = F34E00A620693077002D783D /* FacebookCommon.swift */; };
		F34E00EC20693078002D783D /* LinearTextField.swift in Sources */ = {isa = PBXBuildFile; fileRef = F34E00A720693077002D783D /* LinearTextField.swift */; };
		F34E00ED20693078002D783D /* PullTableView.swift in Sources */ = {isa = PBXBuildFile; fileRef = F34E00A820693077002D783D /* PullTableView.swift */; };
		F34E00EE20693078002D783D /* SearchTextField.swift in Sources */ = {isa = PBXBuildFile; fileRef = F34E00A920693077002D783D /* SearchTextField.swift */; };
		F34E00EF20693078002D783D /* TagView.swift in Sources */ = {isa = PBXBuildFile; fileRef = F34E00AA20693077002D783D /* TagView.swift */; };
		F34E00F120693078002D783D /* RealmConfig.swift in Sources */ = {isa = PBXBuildFile; fileRef = F34E00AF20693077002D783D /* RealmConfig.swift */; };
		F34E00F320693078002D783D /* DataProvider.swift in Sources */ = {isa = PBXBuildFile; fileRef = F34E00B220693078002D783D /* DataProvider.swift */; };
		F34E00F420693078002D783D /* Dynamic.swift in Sources */ = {isa = PBXBuildFile; fileRef = F34E00B320693078002D783D /* Dynamic.swift */; };
		F34E00F7206930AD002D783D /* AppDelegate.swift in Sources */ = {isa = PBXBuildFile; fileRef = F34E00F6206930AD002D783D /* AppDelegate.swift */; };
		F34E00FC206930B5002D783D /* Assets.xcassets in Resources */ = {isa = PBXBuildFile; fileRef = F34E00F8206930B5002D783D /* Assets.xcassets */; };
		F34E00FD206930B5002D783D /* LaunchScreen.storyboard in Resources */ = {isa = PBXBuildFile; fileRef = F34E00FA206930B5002D783D /* LaunchScreen.storyboard */; };
		F34E0109206932EC002D783D /* CollectionViewCell.swift in Sources */ = {isa = PBXBuildFile; fileRef = F34E00FF206932EC002D783D /* CollectionViewCell.swift */; };
		F34E010A206932EC002D783D /* NavigationController.swift in Sources */ = {isa = PBXBuildFile; fileRef = F34E0100206932EC002D783D /* NavigationController.swift */; };
		F34E010B206932EC002D783D /* BaseNibView.swift in Sources */ = {isa = PBXBuildFile; fileRef = F34E0101206932EC002D783D /* BaseNibView.swift */; };
		F34E010C206932EC002D783D /* TabbarController.swift in Sources */ = {isa = PBXBuildFile; fileRef = F34E0102206932EC002D783D /* TabbarController.swift */; };
		F34E010D206932EC002D783D /* TableViewCell.swift in Sources */ = {isa = PBXBuildFile; fileRef = F34E0103206932EC002D783D /* TableViewCell.swift */; };
		F34E010E206932EC002D783D /* ViewController.swift in Sources */ = {isa = PBXBuildFile; fileRef = F34E0104206932EC002D783D /* ViewController.swift */; };
		F34EFF9420692E18002D783D /* FinalProjectTests.swift in Sources */ = {isa = PBXBuildFile; fileRef = F34EFF9320692E18002D783D /* FinalProjectTests.swift */; };
		F36869D520707CD700DFAE14 /* CategoryViewController.swift in Sources */ = {isa = PBXBuildFile; fileRef = F36869D320707CD700DFAE14 /* CategoryViewController.swift */; };
		F36869D620707CD700DFAE14 /* CategoryViewController.xib in Resources */ = {isa = PBXBuildFile; fileRef = F36869D420707CD700DFAE14 /* CategoryViewController.xib */; };
		F36869D820707CE200DFAE14 /* CategoryViewModel.swift in Sources */ = {isa = PBXBuildFile; fileRef = F36869D720707CE200DFAE14 /* CategoryViewModel.swift */; };
		F36869DC207084F400DFAE14 /* TitleCell.swift in Sources */ = {isa = PBXBuildFile; fileRef = F36869DA207084F400DFAE14 /* TitleCell.swift */; };
		F36869DD207084F400DFAE14 /* TitleCell.xib in Resources */ = {isa = PBXBuildFile; fileRef = F36869DB207084F400DFAE14 /* TitleCell.xib */; };
		F36869DF207085CA00DFAE14 /* TitleViewModel.swift in Sources */ = {isa = PBXBuildFile; fileRef = F36869DE207085CA00DFAE14 /* TitleViewModel.swift */; };
		F37EAD58206FDB3300A64D8C /* Channel.swift in Sources */ = {isa = PBXBuildFile; fileRef = F37EAD57206FDB3300A64D8C /* Channel.swift */; };
		F3954978206E68F200090D5F /* FavoriteListViewController.swift in Sources */ = {isa = PBXBuildFile; fileRef = F3954976206E68F200090D5F /* FavoriteListViewController.swift */; };
		F3954979206E68F200090D5F /* FavoriteListViewController.xib in Resources */ = {isa = PBXBuildFile; fileRef = F3954977206E68F200090D5F /* FavoriteListViewController.xib */; };
		F395497B206E699300090D5F /* FavoriteListViewModel.swift in Sources */ = {isa = PBXBuildFile; fileRef = F395497A206E699300090D5F /* FavoriteListViewModel.swift */; };
		F395497F206E6B3B00090D5F /* FavoriteListCell.swift in Sources */ = {isa = PBXBuildFile; fileRef = F395497D206E6B3B00090D5F /* FavoriteListCell.swift */; };
		F3954980206E6B3B00090D5F /* FavoriteListCell.xib in Resources */ = {isa = PBXBuildFile; fileRef = F395497E206E6B3B00090D5F /* FavoriteListCell.xib */; };
		F3954982206E6B5600090D5F /* FavoriteListCellViewModel.swift in Sources */ = {isa = PBXBuildFile; fileRef = F3954981206E6B5600090D5F /* FavoriteListCellViewModel.swift */; };
		F3954986206E6DAA00090D5F /* DetailVideoViewController.swift in Sources */ = {isa = PBXBuildFile; fileRef = F3954984206E6DAA00090D5F /* DetailVideoViewController.swift */; };
		F3954987206E6DAA00090D5F /* DetailVideoViewController.xib in Resources */ = {isa = PBXBuildFile; fileRef = F3954985206E6DAA00090D5F /* DetailVideoViewController.xib */; };
		F3954989206E6DC700090D5F /* DetailVideoViewModel.swift in Sources */ = {isa = PBXBuildFile; fileRef = F3954988206E6DC700090D5F /* DetailVideoViewModel.swift */; };
		F3AD0D9D2079D2FD00038638 /* FVReadMoreLabel.swift in Sources */ = {isa = PBXBuildFile; fileRef = F3AD0D9C2079D2FD00038638 /* FVReadMoreLabel.swift */; };
		F3B05CB2206F857B00BAD308 /* VideoService.swift in Sources */ = {isa = PBXBuildFile; fileRef = F3B05CB1206F857B00BAD308 /* VideoService.swift */; };
		F3B11C46206F2C4F001FE066 /* APIManager.swift in Sources */ = {isa = PBXBuildFile; fileRef = F3B11C39206F2C4F001FE066 /* APIManager.swift */; };
		F3B11C47206F2C4F001FE066 /* APIPath.swift in Sources */ = {isa = PBXBuildFile; fileRef = F3B11C3A206F2C4F001FE066 /* APIPath.swift */; };
		F3B11C48206F2C4F001FE066 /* BaseInputProtocol.swift in Sources */ = {isa = PBXBuildFile; fileRef = F3B11C3B206F2C4F001FE066 /* BaseInputProtocol.swift */; };
		F3B11C49206F2C4F001FE066 /* BaseService.swift in Sources */ = {isa = PBXBuildFile; fileRef = F3B11C3C206F2C4F001FE066 /* BaseService.swift */; };
		F3B11C4A206F2C4F001FE066 /* ResponseSerializer.swift in Sources */ = {isa = PBXBuildFile; fileRef = F3B11C3D206F2C4F001FE066 /* ResponseSerializer.swift */; };
		F3B11C4B206F2C4F001FE066 /* ServiceError.swift in Sources */ = {isa = PBXBuildFile; fileRef = F3B11C3E206F2C4F001FE066 /* ServiceError.swift */; };
		F3B11C4D206F2C4F001FE066 /* UserInput.swift in Sources */ = {isa = PBXBuildFile; fileRef = F3B11C41206F2C4F001FE066 /* UserInput.swift */; };
		F3B11C50206F2C4F001FE066 /* Services.swift in Sources */ = {isa = PBXBuildFile; fileRef = F3B11C45206F2C4F001FE066 /* Services.swift */; };
		F3B11C52206F2D1D001FE066 /* CategoryInput.swift in Sources */ = {isa = PBXBuildFile; fileRef = F3B11C51206F2D1D001FE066 /* CategoryInput.swift */; };
		F3B11C54206F2E00001FE066 /* Constant.swift in Sources */ = {isa = PBXBuildFile; fileRef = F3B11C53206F2E00001FE066 /* Constant.swift */; };
		F3B11C56206F2E92001FE066 /* CategoryService.swift in Sources */ = {isa = PBXBuildFile; fileRef = F3B11C55206F2E92001FE066 /* CategoryService.swift */; };
		F3B11C5A206F6B1A001FE066 /* RealmManager.swift in Sources */ = {isa = PBXBuildFile; fileRef = F3B11C58206F6B1A001FE066 /* RealmManager.swift */; };
		F3B11C5C206F77B7001FE066 /* VideoInput.swift in Sources */ = {isa = PBXBuildFile; fileRef = F3B11C5B206F77B7001FE066 /* VideoInput.swift */; };
		F3F66683206A61B000FCC803 /* TabBarView.swift in Sources */ = {isa = PBXBuildFile; fileRef = F3F66681206A61B000FCC803 /* TabBarView.swift */; };
		F3F66684206A61B000FCC803 /* TabBarView.xib in Resources */ = {isa = PBXBuildFile; fileRef = F3F66682206A61B000FCC803 /* TabBarView.xib */; };
		F3F66686206A63C600FCC803 /* Color.swift in Sources */ = {isa = PBXBuildFile; fileRef = F3F66685206A63C600FCC803 /* Color.swift */; };
		F3F6668C206A693E00FCC803 /* HistoryViewController.swift in Sources */ = {isa = PBXBuildFile; fileRef = F3F6668A206A693E00FCC803 /* HistoryViewController.swift */; };
		F3F6668D206A693E00FCC803 /* HistoryViewController.xib in Resources */ = {isa = PBXBuildFile; fileRef = F3F6668B206A693E00FCC803 /* HistoryViewController.xib */; };
		F3F66694206A696200FCC803 /* TrendingViewController.swift in Sources */ = {isa = PBXBuildFile; fileRef = F3F66692206A696200FCC803 /* TrendingViewController.swift */; };
		F3F66695206A696200FCC803 /* TrendingViewController.xib in Resources */ = {isa = PBXBuildFile; fileRef = F3F66693206A696200FCC803 /* TrendingViewController.xib */; };
		F3F66699206A6CE100FCC803 /* FavoriteViewController.swift in Sources */ = {isa = PBXBuildFile; fileRef = F3F66697206A6CE100FCC803 /* FavoriteViewController.swift */; };
		F3F6669A206A6CE100FCC803 /* FavoriteViewController.xib in Resources */ = {isa = PBXBuildFile; fileRef = F3F66698206A6CE100FCC803 /* FavoriteViewController.xib */; };
		F3F725B420711CDE004DE373 /* FavoriteVideo.swift in Sources */ = {isa = PBXBuildFile; fileRef = F3F725B320711CDE004DE373 /* FavoriteVideo.swift */; };
		F3F725B620711E19004DE373 /* FavoriteList.swift in Sources */ = {isa = PBXBuildFile; fileRef = F3F725B520711E19004DE373 /* FavoriteList.swift */; };
/* End PBXBuildFile section */

/* Begin PBXContainerItemProxy section */
		F34EFF9020692E18002D783D /* PBXContainerItemProxy */ = {
			isa = PBXContainerItemProxy;
			containerPortal = F34EFF7320692E17002D783D /* Project object */;
			proxyType = 1;
			remoteGlobalIDString = F34EFF7A20692E17002D783D;
			remoteInfo = FinalProject;
		};
/* End PBXContainerItemProxy section */

/* Begin PBXFileReference section */
		0AD588313B0CC837467210CC /* Pods-FinalProject.debug.xcconfig */ = {isa = PBXFileReference; includeInIndex = 1; lastKnownFileType = text.xcconfig; name = "Pods-FinalProject.debug.xcconfig"; path = "Pods/Target Support Files/Pods-FinalProject/Pods-FinalProject.debug.xcconfig"; sourceTree = "<group>"; };
		38ECB6B589D8484339EAC0E2 /* Pods_FinalProjectTests.framework */ = {isa = PBXFileReference; explicitFileType = wrapper.framework; includeInIndex = 0; path = Pods_FinalProjectTests.framework; sourceTree = BUILT_PRODUCTS_DIR; };
		9210384012805D887DB0A344 /* Pods-FinalProjectTests.debug.xcconfig */ = {isa = PBXFileReference; includeInIndex = 1; lastKnownFileType = text.xcconfig; name = "Pods-FinalProjectTests.debug.xcconfig"; path = "Pods/Target Support Files/Pods-FinalProjectTests/Pods-FinalProjectTests.debug.xcconfig"; sourceTree = "<group>"; };
		AC4A5DE54F83CA8D594D56C7 /* Pods-FinalProject.release.xcconfig */ = {isa = PBXFileReference; includeInIndex = 1; lastKnownFileType = text.xcconfig; name = "Pods-FinalProject.release.xcconfig"; path = "Pods/Target Support Files/Pods-FinalProject/Pods-FinalProject.release.xcconfig"; sourceTree = "<group>"; };
		B1D98268370AD4FE25F4F504 /* Pods-FinalProjectTests.release.xcconfig */ = {isa = PBXFileReference; includeInIndex = 1; lastKnownFileType = text.xcconfig; name = "Pods-FinalProjectTests.release.xcconfig"; path = "Pods/Target Support Files/Pods-FinalProjectTests/Pods-FinalProjectTests.release.xcconfig"; sourceTree = "<group>"; };
		CCDA376CA627469CDA2EDB63 /* Pods_FinalProject.framework */ = {isa = PBXFileReference; explicitFileType = wrapper.framework; includeInIndex = 0; path = Pods_FinalProject.framework; sourceTree = BUILT_PRODUCTS_DIR; };
		F305E6DE206BCD3F00DE5495 /* TrendingViewModel.swift */ = {isa = PBXFileReference; lastKnownFileType = sourcecode.swift; path = TrendingViewModel.swift; sourceTree = "<group>"; };
		F305E6E1206BD3F200DE5495 /* ContentTableCellViewModel.swift */ = {isa = PBXFileReference; fileEncoding = 4; lastKnownFileType = sourcecode.swift; path = ContentTableCellViewModel.swift; sourceTree = "<group>"; };
		F305E6E2206BD3F200DE5495 /* ContentTableViewCell.swift */ = {isa = PBXFileReference; fileEncoding = 4; lastKnownFileType = sourcecode.swift; path = ContentTableViewCell.swift; sourceTree = "<group>"; };
		F305E6E3206BD3F200DE5495 /* ContentTableViewCell.xib */ = {isa = PBXFileReference; fileEncoding = 4; lastKnownFileType = file.xib; path = ContentTableViewCell.xib; sourceTree = "<group>"; };
		F305E6E7206BD41E00DE5495 /* HomeViewModel.swift */ = {isa = PBXFileReference; fileEncoding = 4; lastKnownFileType = sourcecode.swift; path = HomeViewModel.swift; sourceTree = "<group>"; };
		F305E6E8206BD41E00DE5495 /* HomeViewController.swift */ = {isa = PBXFileReference; fileEncoding = 4; lastKnownFileType = sourcecode.swift; path = HomeViewController.swift; sourceTree = "<group>"; };
		F305E6E9206BD41F00DE5495 /* HomeViewController.xib */ = {isa = PBXFileReference; fileEncoding = 4; lastKnownFileType = file.xib; path = HomeViewController.xib; sourceTree = "<group>"; };
		F305E6EE206BE21A00DE5495 /* SearchViewController.swift */ = {isa = PBXFileReference; lastKnownFileType = sourcecode.swift; path = SearchViewController.swift; sourceTree = "<group>"; };
		F305E6EF206BE21A00DE5495 /* SearchViewController.xib */ = {isa = PBXFileReference; lastKnownFileType = file.xib; path = SearchViewController.xib; sourceTree = "<group>"; };
		F305E6F2206BE27200DE5495 /* SearchViewModel.swift */ = {isa = PBXFileReference; lastKnownFileType = sourcecode.swift; path = SearchViewModel.swift; sourceTree = "<group>"; };
		F305E6F5206BED2200DE5495 /* SearchTableViewCell.swift */ = {isa = PBXFileReference; lastKnownFileType = sourcecode.swift; path = SearchTableViewCell.swift; sourceTree = "<group>"; };
		F305E6F6206BED2200DE5495 /* SearchTableViewCell.xib */ = {isa = PBXFileReference; lastKnownFileType = file.xib; path = SearchTableViewCell.xib; sourceTree = "<group>"; };
		F305E6F9206BED7200DE5495 /* SearchTableCellViewModel.swift */ = {isa = PBXFileReference; lastKnownFileType = sourcecode.swift; path = SearchTableCellViewModel.swift; sourceTree = "<group>"; };
		F305E6FB206BF0DA00DE5495 /* FavoriteViewModel.swift */ = {isa = PBXFileReference; lastKnownFileType = sourcecode.swift; path = FavoriteViewModel.swift; sourceTree = "<group>"; };
		F305E6FD206BF3CD00DE5495 /* CategoryTableViewCell.swift */ = {isa = PBXFileReference; lastKnownFileType = sourcecode.swift; path = CategoryTableViewCell.swift; sourceTree = "<group>"; };
		F305E6FE206BF3CD00DE5495 /* CategoryTableViewCell.xib */ = {isa = PBXFileReference; lastKnownFileType = file.xib; path = CategoryTableViewCell.xib; sourceTree = "<group>"; };
		F305E701206BF3EB00DE5495 /* CategoryTableCellViewModel.swift */ = {isa = PBXFileReference; lastKnownFileType = sourcecode.swift; path = CategoryTableCellViewModel.swift; sourceTree = "<group>"; };
		F305E703206BF44F00DE5495 /* Category.swift */ = {isa = PBXFileReference; lastKnownFileType = sourcecode.swift; path = Category.swift; sourceTree = "<group>"; };
		F305E705206BF52A00DE5495 /* Video.swift */ = {isa = PBXFileReference; lastKnownFileType = sourcecode.swift; path = Video.swift; sourceTree = "<group>"; };
		F305E708206BF77500DE5495 /* FavoriteCollectionViewCell.swift */ = {isa = PBXFileReference; lastKnownFileType = sourcecode.swift; path = FavoriteCollectionViewCell.swift; sourceTree = "<group>"; };
		F305E709206BF77500DE5495 /* FavoriteCollectionViewCell.xib */ = {isa = PBXFileReference; lastKnownFileType = file.xib; path = FavoriteCollectionViewCell.xib; sourceTree = "<group>"; };
		F305E70C206BF7A500DE5495 /* FavoriteCollectionViewModel.swift */ = {isa = PBXFileReference; lastKnownFileType = sourcecode.swift; path = FavoriteCollectionViewModel.swift; sourceTree = "<group>"; };
		F305E70F206BFF1400DE5495 /* CreateFolderCell.swift */ = {isa = PBXFileReference; lastKnownFileType = sourcecode.swift; path = CreateFolderCell.swift; sourceTree = "<group>"; };
		F305E710206BFF1400DE5495 /* CreateFolderCell.xib */ = {isa = PBXFileReference; lastKnownFileType = file.xib; path = CreateFolderCell.xib; sourceTree = "<group>"; };
		F305E713206C026D00DE5495 /* HistoryViewModel.swift */ = {isa = PBXFileReference; lastKnownFileType = sourcecode.swift; path = HistoryViewModel.swift; sourceTree = "<group>"; };
		F328403B207A140700F4C976 /* AutoNextVideoCell.swift */ = {isa = PBXFileReference; lastKnownFileType = sourcecode.swift; path = AutoNextVideoCell.swift; sourceTree = "<group>"; };
		F328403C207A140700F4C976 /* AutoNextVideoCell.xib */ = {isa = PBXFileReference; lastKnownFileType = file.xib; path = AutoNextVideoCell.xib; sourceTree = "<group>"; };
		F328403F207A202500F4C976 /* NSContraintExtension.swift */ = {isa = PBXFileReference; lastKnownFileType = sourcecode.swift; path = NSContraintExtension.swift; sourceTree = "<group>"; };
		F3457F23207910FF00DA9BBA /* InfoCell.swift */ = {isa = PBXFileReference; lastKnownFileType = sourcecode.swift; path = InfoCell.swift; sourceTree = "<group>"; };
		F3457F24207910FF00DA9BBA /* InfoCell.xib */ = {isa = PBXFileReference; lastKnownFileType = file.xib; path = InfoCell.xib; sourceTree = "<group>"; };
		F3457F272079129000DA9BBA /* InfoCellModel.swift */ = {isa = PBXFileReference; lastKnownFileType = sourcecode.swift; path = InfoCellModel.swift; sourceTree = "<group>"; };
		F3457F2A20791B8E00DA9BBA /* RelateVideoCell.swift */ = {isa = PBXFileReference; lastKnownFileType = sourcecode.swift; path = RelateVideoCell.swift; sourceTree = "<group>"; };
		F3457F2B20791B8E00DA9BBA /* RelateVideoCell.xib */ = {isa = PBXFileReference; lastKnownFileType = file.xib; path = RelateVideoCell.xib; sourceTree = "<group>"; };
		F3457F2E20791C2B00DA9BBA /* RelateVideoCellModel.swift */ = {isa = PBXFileReference; lastKnownFileType = sourcecode.swift; path = RelateVideoCellModel.swift; sourceTree = "<group>"; };
		F3457F3120791DFC00DA9BBA /* DescriptionCellViewModel.swift */ = {isa = PBXFileReference; lastKnownFileType = sourcecode.swift; path = DescriptionCellViewModel.swift; sourceTree = "<group>"; };
		F3457F3320791E1000DA9BBA /* DescriptionCell.swift */ = {isa = PBXFileReference; lastKnownFileType = sourcecode.swift; path = DescriptionCell.swift; sourceTree = "<group>"; };
		F3457F3420791E1000DA9BBA /* DescriptionCell.xib */ = {isa = PBXFileReference; lastKnownFileType = file.xib; path = DescriptionCell.xib; sourceTree = "<group>"; };
		F3457F3720792CC200DA9BBA /* ChannelService.swift */ = {isa = PBXFileReference; lastKnownFileType = sourcecode.swift; path = ChannelService.swift; sourceTree = "<group>"; };
		F34E006920693077002D783D /* Array.swift */ = {isa = PBXFileReference; fileEncoding = 4; lastKnownFileType = sourcecode.swift; path = Array.swift; sourceTree = "<group>"; };
		F34E006A20693077002D783D /* Bundle.swift */ = {isa = PBXFileReference; fileEncoding = 4; lastKnownFileType = sourcecode.swift; path = Bundle.swift; sourceTree = "<group>"; };
		F34E006B20693077002D783D /* CGRect.swift */ = {isa = PBXFileReference; fileEncoding = 4; lastKnownFileType = sourcecode.swift; path = CGRect.swift; sourceTree = "<group>"; };
		F34E006C20693077002D783D /* Data.swift */ = {isa = PBXFileReference; fileEncoding = 4; lastKnownFileType = sourcecode.swift; path = Data.swift; sourceTree = "<group>"; };
		F34E006D20693077002D783D /* Date.swift */ = {isa = PBXFileReference; fileEncoding = 4; lastKnownFileType = sourcecode.swift; path = Date.swift; sourceTree = "<group>"; };
		F34E006E20693077002D783D /* Dictionary.swift */ = {isa = PBXFileReference; fileEncoding = 4; lastKnownFileType = sourcecode.swift; path = Dictionary.swift; sourceTree = "<group>"; };
		F34E006F20693077002D783D /* DispatchQueue.swift */ = {isa = PBXFileReference; fileEncoding = 4; lastKnownFileType = sourcecode.swift; path = DispatchQueue.swift; sourceTree = "<group>"; };
		F34E007020693077002D783D /* FileManager.swift */ = {isa = PBXFileReference; fileEncoding = 4; lastKnownFileType = sourcecode.swift; path = FileManager.swift; sourceTree = "<group>"; };
		F34E007120693077002D783D /* Int.swift */ = {isa = PBXFileReference; fileEncoding = 4; lastKnownFileType = sourcecode.swift; path = Int.swift; sourceTree = "<group>"; };
		F34E007220693077002D783D /* Label.swift */ = {isa = PBXFileReference; fileEncoding = 4; lastKnownFileType = sourcecode.swift; path = Label.swift; sourceTree = "<group>"; };
		F34E007320693077002D783D /* NSLock.swift */ = {isa = PBXFileReference; fileEncoding = 4; lastKnownFileType = sourcecode.swift; path = NSLock.swift; sourceTree = "<group>"; };
		F34E007420693077002D783D /* NSObject.swift */ = {isa = PBXFileReference; fileEncoding = 4; lastKnownFileType = sourcecode.swift; path = NSObject.swift; sourceTree = "<group>"; };
		F34E007520693077002D783D /* Optional.swift */ = {isa = PBXFileReference; fileEncoding = 4; lastKnownFileType = sourcecode.swift; path = Optional.swift; sourceTree = "<group>"; };
		F34E007620693077002D783D /* RefreshControl.swift */ = {isa = PBXFileReference; fileEncoding = 4; lastKnownFileType = sourcecode.swift; path = RefreshControl.swift; sourceTree = "<group>"; };
		F34E007720693077002D783D /* Regex.swift */ = {isa = PBXFileReference; fileEncoding = 4; lastKnownFileType = sourcecode.swift; path = Regex.swift; sourceTree = "<group>"; };
		F34E007820693077002D783D /* String.swift */ = {isa = PBXFileReference; fileEncoding = 4; lastKnownFileType = sourcecode.swift; path = String.swift; sourceTree = "<group>"; };
		F34E007920693077002D783D /* Timer.swift */ = {isa = PBXFileReference; fileEncoding = 4; lastKnownFileType = sourcecode.swift; path = Timer.swift; sourceTree = "<group>"; };
		F34E007A20693077002D783D /* UIApplication.swift */ = {isa = PBXFileReference; fileEncoding = 4; lastKnownFileType = sourcecode.swift; path = UIApplication.swift; sourceTree = "<group>"; };
		F34E007B20693077002D783D /* UIButton.swift */ = {isa = PBXFileReference; fileEncoding = 4; lastKnownFileType = sourcecode.swift; path = UIButton.swift; sourceTree = "<group>"; };
		F34E007C20693077002D783D /* UICollectionView.swift */ = {isa = PBXFileReference; fileEncoding = 4; lastKnownFileType = sourcecode.swift; path = UICollectionView.swift; sourceTree = "<group>"; };
		F34E007D20693077002D783D /* UIColor.swift */ = {isa = PBXFileReference; fileEncoding = 4; lastKnownFileType = sourcecode.swift; path = UIColor.swift; sourceTree = "<group>"; };
		F34E007E20693077002D783D /* UIImage.swift */ = {isa = PBXFileReference; fileEncoding = 4; lastKnownFileType = sourcecode.swift; path = UIImage.swift; sourceTree = "<group>"; };
		F34E007F20693077002D783D /* UIImageView.swift */ = {isa = PBXFileReference; fileEncoding = 4; lastKnownFileType = sourcecode.swift; path = UIImageView.swift; sourceTree = "<group>"; };
		F34E008020693077002D783D /* UILabel.swift */ = {isa = PBXFileReference; fileEncoding = 4; lastKnownFileType = sourcecode.swift; path = UILabel.swift; sourceTree = "<group>"; };
		F34E008120693077002D783D /* UINavigationController.swift */ = {isa = PBXFileReference; fileEncoding = 4; lastKnownFileType = sourcecode.swift; path = UINavigationController.swift; sourceTree = "<group>"; };
		F34E008220693077002D783D /* UINib.swift */ = {isa = PBXFileReference; fileEncoding = 4; lastKnownFileType = sourcecode.swift; path = UINib.swift; sourceTree = "<group>"; };
		F34E008320693077002D783D /* UIScrollView.swift */ = {isa = PBXFileReference; fileEncoding = 4; lastKnownFileType = sourcecode.swift; path = UIScrollView.swift; sourceTree = "<group>"; };
		F34E008420693077002D783D /* UIStoryboard.swift */ = {isa = PBXFileReference; fileEncoding = 4; lastKnownFileType = sourcecode.swift; path = UIStoryboard.swift; sourceTree = "<group>"; };
		F34E008520693077002D783D /* UITableView.swift */ = {isa = PBXFileReference; fileEncoding = 4; lastKnownFileType = sourcecode.swift; path = UITableView.swift; sourceTree = "<group>"; };
		F34E008620693077002D783D /* UITextField.swift */ = {isa = PBXFileReference; fileEncoding = 4; lastKnownFileType = sourcecode.swift; path = UITextField.swift; sourceTree = "<group>"; };
		F34E008720693077002D783D /* UIView.swift */ = {isa = PBXFileReference; fileEncoding = 4; lastKnownFileType = sourcecode.swift; path = UIView.swift; sourceTree = "<group>"; };
		F34E008820693077002D783D /* UIViewController.swift */ = {isa = PBXFileReference; fileEncoding = 4; lastKnownFileType = sourcecode.swift; path = UIViewController.swift; sourceTree = "<group>"; };
		F34E008A20693077002D783D /* Font.swift */ = {isa = PBXFileReference; fileEncoding = 4; lastKnownFileType = sourcecode.swift; path = Font.swift; sourceTree = "<group>"; };
		F34E008B20693077002D783D /* Helper.swift */ = {isa = PBXFileReference; fileEncoding = 4; lastKnownFileType = sourcecode.swift; path = Helper.swift; sourceTree = "<group>"; };
		F34E008F20693077002D783D /* Strings.swift */ = {isa = PBXFileReference; fileEncoding = 4; lastKnownFileType = sourcecode.swift; path = Strings.swift; sourceTree = "<group>"; };
		F34E00A320693077002D783D /* AlertView.swift */ = {isa = PBXFileReference; fileEncoding = 4; lastKnownFileType = sourcecode.swift; path = AlertView.swift; sourceTree = "<group>"; };
		F34E00A420693077002D783D /* DatePicker.swift */ = {isa = PBXFileReference; fileEncoding = 4; lastKnownFileType = sourcecode.swift; path = DatePicker.swift; sourceTree = "<group>"; };
		F34E00A520693077002D783D /* ExpandTextField.swift */ = {isa = PBXFileReference; fileEncoding = 4; lastKnownFileType = sourcecode.swift; path = ExpandTextField.swift; sourceTree = "<group>"; };
		F34E00A620693077002D783D /* FacebookCommon.swift */ = {isa = PBXFileReference; fileEncoding = 4; lastKnownFileType = sourcecode.swift; path = FacebookCommon.swift; sourceTree = "<group>"; };
		F34E00A720693077002D783D /* LinearTextField.swift */ = {isa = PBXFileReference; fileEncoding = 4; lastKnownFileType = sourcecode.swift; path = LinearTextField.swift; sourceTree = "<group>"; };
		F34E00A820693077002D783D /* PullTableView.swift */ = {isa = PBXFileReference; fileEncoding = 4; lastKnownFileType = sourcecode.swift; path = PullTableView.swift; sourceTree = "<group>"; };
		F34E00A920693077002D783D /* SearchTextField.swift */ = {isa = PBXFileReference; fileEncoding = 4; lastKnownFileType = sourcecode.swift; path = SearchTextField.swift; sourceTree = "<group>"; };
		F34E00AA20693077002D783D /* TagView.swift */ = {isa = PBXFileReference; fileEncoding = 4; lastKnownFileType = sourcecode.swift; path = TagView.swift; sourceTree = "<group>"; };
		F34E00AF20693077002D783D /* RealmConfig.swift */ = {isa = PBXFileReference; fileEncoding = 4; lastKnownFileType = sourcecode.swift; path = RealmConfig.swift; sourceTree = "<group>"; };
		F34E00B220693078002D783D /* DataProvider.swift */ = {isa = PBXFileReference; fileEncoding = 4; lastKnownFileType = sourcecode.swift; path = DataProvider.swift; sourceTree = "<group>"; };
		F34E00B320693078002D783D /* Dynamic.swift */ = {isa = PBXFileReference; fileEncoding = 4; lastKnownFileType = sourcecode.swift; path = Dynamic.swift; sourceTree = "<group>"; };
		F34E00F6206930AD002D783D /* AppDelegate.swift */ = {isa = PBXFileReference; fileEncoding = 4; lastKnownFileType = sourcecode.swift; path = AppDelegate.swift; sourceTree = "<group>"; };
		F34E00F8206930B5002D783D /* Assets.xcassets */ = {isa = PBXFileReference; lastKnownFileType = folder.assetcatalog; path = Assets.xcassets; sourceTree = "<group>"; };
		F34E00FB206930B5002D783D /* Base */ = {isa = PBXFileReference; lastKnownFileType = file.storyboard; name = Base; path = LaunchScreen.storyboard; sourceTree = "<group>"; };
		F34E00FF206932EC002D783D /* CollectionViewCell.swift */ = {isa = PBXFileReference; fileEncoding = 4; lastKnownFileType = sourcecode.swift; path = CollectionViewCell.swift; sourceTree = "<group>"; };
		F34E0100206932EC002D783D /* NavigationController.swift */ = {isa = PBXFileReference; fileEncoding = 4; lastKnownFileType = sourcecode.swift; path = NavigationController.swift; sourceTree = "<group>"; };
		F34E0101206932EC002D783D /* BaseNibView.swift */ = {isa = PBXFileReference; fileEncoding = 4; lastKnownFileType = sourcecode.swift; path = BaseNibView.swift; sourceTree = "<group>"; };
		F34E0102206932EC002D783D /* TabbarController.swift */ = {isa = PBXFileReference; fileEncoding = 4; lastKnownFileType = sourcecode.swift; path = TabbarController.swift; sourceTree = "<group>"; };
		F34E0103206932EC002D783D /* TableViewCell.swift */ = {isa = PBXFileReference; fileEncoding = 4; lastKnownFileType = sourcecode.swift; path = TableViewCell.swift; sourceTree = "<group>"; };
		F34E0104206932EC002D783D /* ViewController.swift */ = {isa = PBXFileReference; fileEncoding = 4; lastKnownFileType = sourcecode.swift; path = ViewController.swift; sourceTree = "<group>"; };
		F34EFF7B20692E17002D783D /* FinalProject.app */ = {isa = PBXFileReference; explicitFileType = wrapper.application; includeInIndex = 0; path = FinalProject.app; sourceTree = BUILT_PRODUCTS_DIR; };
		F34EFF8A20692E18002D783D /* Info.plist */ = {isa = PBXFileReference; lastKnownFileType = text.plist.xml; path = Info.plist; sourceTree = "<group>"; };
		F34EFF8F20692E18002D783D /* FinalProjectTests.xctest */ = {isa = PBXFileReference; explicitFileType = wrapper.cfbundle; includeInIndex = 0; path = FinalProjectTests.xctest; sourceTree = BUILT_PRODUCTS_DIR; };
		F34EFF9320692E18002D783D /* FinalProjectTests.swift */ = {isa = PBXFileReference; lastKnownFileType = sourcecode.swift; path = FinalProjectTests.swift; sourceTree = "<group>"; };
		F34EFF9520692E18002D783D /* Info.plist */ = {isa = PBXFileReference; lastKnownFileType = text.plist.xml; path = Info.plist; sourceTree = "<group>"; };
		F36869D320707CD700DFAE14 /* CategoryViewController.swift */ = {isa = PBXFileReference; lastKnownFileType = sourcecode.swift; path = CategoryViewController.swift; sourceTree = "<group>"; };
		F36869D420707CD700DFAE14 /* CategoryViewController.xib */ = {isa = PBXFileReference; lastKnownFileType = file.xib; path = CategoryViewController.xib; sourceTree = "<group>"; };
		F36869D720707CE200DFAE14 /* CategoryViewModel.swift */ = {isa = PBXFileReference; lastKnownFileType = sourcecode.swift; path = CategoryViewModel.swift; sourceTree = "<group>"; };
		F36869DA207084F400DFAE14 /* TitleCell.swift */ = {isa = PBXFileReference; lastKnownFileType = sourcecode.swift; path = TitleCell.swift; sourceTree = "<group>"; };
		F36869DB207084F400DFAE14 /* TitleCell.xib */ = {isa = PBXFileReference; lastKnownFileType = file.xib; path = TitleCell.xib; sourceTree = "<group>"; };
		F36869DE207085CA00DFAE14 /* TitleViewModel.swift */ = {isa = PBXFileReference; lastKnownFileType = sourcecode.swift; path = TitleViewModel.swift; sourceTree = "<group>"; };
		F37EAD57206FDB3300A64D8C /* Channel.swift */ = {isa = PBXFileReference; lastKnownFileType = sourcecode.swift; path = Channel.swift; sourceTree = "<group>"; };
		F3954976206E68F200090D5F /* FavoriteListViewController.swift */ = {isa = PBXFileReference; lastKnownFileType = sourcecode.swift; path = FavoriteListViewController.swift; sourceTree = "<group>"; };
		F3954977206E68F200090D5F /* FavoriteListViewController.xib */ = {isa = PBXFileReference; lastKnownFileType = file.xib; path = FavoriteListViewController.xib; sourceTree = "<group>"; };
		F395497A206E699300090D5F /* FavoriteListViewModel.swift */ = {isa = PBXFileReference; lastKnownFileType = sourcecode.swift; path = FavoriteListViewModel.swift; sourceTree = "<group>"; };
		F395497D206E6B3B00090D5F /* FavoriteListCell.swift */ = {isa = PBXFileReference; lastKnownFileType = sourcecode.swift; path = FavoriteListCell.swift; sourceTree = "<group>"; };
		F395497E206E6B3B00090D5F /* FavoriteListCell.xib */ = {isa = PBXFileReference; lastKnownFileType = file.xib; path = FavoriteListCell.xib; sourceTree = "<group>"; };
		F3954981206E6B5600090D5F /* FavoriteListCellViewModel.swift */ = {isa = PBXFileReference; lastKnownFileType = sourcecode.swift; path = FavoriteListCellViewModel.swift; sourceTree = "<group>"; };
		F3954984206E6DAA00090D5F /* DetailVideoViewController.swift */ = {isa = PBXFileReference; lastKnownFileType = sourcecode.swift; path = DetailVideoViewController.swift; sourceTree = "<group>"; };
		F3954985206E6DAA00090D5F /* DetailVideoViewController.xib */ = {isa = PBXFileReference; lastKnownFileType = file.xib; path = DetailVideoViewController.xib; sourceTree = "<group>"; };
		F3954988206E6DC700090D5F /* DetailVideoViewModel.swift */ = {isa = PBXFileReference; lastKnownFileType = sourcecode.swift; path = DetailVideoViewModel.swift; sourceTree = "<group>"; };
		F3AD0D9C2079D2FD00038638 /* FVReadMoreLabel.swift */ = {isa = PBXFileReference; fileEncoding = 4; lastKnownFileType = sourcecode.swift; path = FVReadMoreLabel.swift; sourceTree = "<group>"; };
		F3B05CB1206F857B00BAD308 /* VideoService.swift */ = {isa = PBXFileReference; lastKnownFileType = sourcecode.swift; path = VideoService.swift; sourceTree = "<group>"; };
		F3B11C39206F2C4F001FE066 /* APIManager.swift */ = {isa = PBXFileReference; fileEncoding = 4; lastKnownFileType = sourcecode.swift; path = APIManager.swift; sourceTree = "<group>"; };
		F3B11C3A206F2C4F001FE066 /* APIPath.swift */ = {isa = PBXFileReference; fileEncoding = 4; lastKnownFileType = sourcecode.swift; path = APIPath.swift; sourceTree = "<group>"; };
		F3B11C3B206F2C4F001FE066 /* BaseInputProtocol.swift */ = {isa = PBXFileReference; fileEncoding = 4; lastKnownFileType = sourcecode.swift; path = BaseInputProtocol.swift; sourceTree = "<group>"; };
		F3B11C3C206F2C4F001FE066 /* BaseService.swift */ = {isa = PBXFileReference; fileEncoding = 4; lastKnownFileType = sourcecode.swift; path = BaseService.swift; sourceTree = "<group>"; };
		F3B11C3D206F2C4F001FE066 /* ResponseSerializer.swift */ = {isa = PBXFileReference; fileEncoding = 4; lastKnownFileType = sourcecode.swift; path = ResponseSerializer.swift; sourceTree = "<group>"; };
		F3B11C3E206F2C4F001FE066 /* ServiceError.swift */ = {isa = PBXFileReference; fileEncoding = 4; lastKnownFileType = sourcecode.swift; path = ServiceError.swift; sourceTree = "<group>"; };
		F3B11C41206F2C4F001FE066 /* UserInput.swift */ = {isa = PBXFileReference; fileEncoding = 4; lastKnownFileType = sourcecode.swift; path = UserInput.swift; sourceTree = "<group>"; };
		F3B11C45206F2C4F001FE066 /* Services.swift */ = {isa = PBXFileReference; fileEncoding = 4; lastKnownFileType = sourcecode.swift; path = Services.swift; sourceTree = "<group>"; };
		F3B11C51206F2D1D001FE066 /* CategoryInput.swift */ = {isa = PBXFileReference; lastKnownFileType = sourcecode.swift; path = CategoryInput.swift; sourceTree = "<group>"; };
		F3B11C53206F2E00001FE066 /* Constant.swift */ = {isa = PBXFileReference; lastKnownFileType = sourcecode.swift; path = Constant.swift; sourceTree = "<group>"; };
		F3B11C55206F2E92001FE066 /* CategoryService.swift */ = {isa = PBXFileReference; lastKnownFileType = sourcecode.swift; path = CategoryService.swift; sourceTree = "<group>"; };
		F3B11C58206F6B1A001FE066 /* RealmManager.swift */ = {isa = PBXFileReference; fileEncoding = 4; lastKnownFileType = sourcecode.swift; path = RealmManager.swift; sourceTree = "<group>"; };
		F3B11C5B206F77B7001FE066 /* VideoInput.swift */ = {isa = PBXFileReference; lastKnownFileType = sourcecode.swift; path = VideoInput.swift; sourceTree = "<group>"; };
		F3F66681206A61B000FCC803 /* TabBarView.swift */ = {isa = PBXFileReference; fileEncoding = 4; lastKnownFileType = sourcecode.swift; path = TabBarView.swift; sourceTree = "<group>"; };
		F3F66682206A61B000FCC803 /* TabBarView.xib */ = {isa = PBXFileReference; fileEncoding = 4; lastKnownFileType = file.xib; path = TabBarView.xib; sourceTree = "<group>"; };
		F3F66685206A63C600FCC803 /* Color.swift */ = {isa = PBXFileReference; lastKnownFileType = sourcecode.swift; path = Color.swift; sourceTree = "<group>"; };
		F3F6668A206A693E00FCC803 /* HistoryViewController.swift */ = {isa = PBXFileReference; lastKnownFileType = sourcecode.swift; path = HistoryViewController.swift; sourceTree = "<group>"; };
		F3F6668B206A693E00FCC803 /* HistoryViewController.xib */ = {isa = PBXFileReference; lastKnownFileType = file.xib; path = HistoryViewController.xib; sourceTree = "<group>"; };
		F3F66692206A696200FCC803 /* TrendingViewController.swift */ = {isa = PBXFileReference; lastKnownFileType = sourcecode.swift; path = TrendingViewController.swift; sourceTree = "<group>"; };
		F3F66693206A696200FCC803 /* TrendingViewController.xib */ = {isa = PBXFileReference; lastKnownFileType = file.xib; path = TrendingViewController.xib; sourceTree = "<group>"; };
		F3F66697206A6CE100FCC803 /* FavoriteViewController.swift */ = {isa = PBXFileReference; lastKnownFileType = sourcecode.swift; path = FavoriteViewController.swift; sourceTree = "<group>"; };
		F3F66698206A6CE100FCC803 /* FavoriteViewController.xib */ = {isa = PBXFileReference; lastKnownFileType = file.xib; path = FavoriteViewController.xib; sourceTree = "<group>"; };
		F3F725B320711CDE004DE373 /* FavoriteVideo.swift */ = {isa = PBXFileReference; lastKnownFileType = sourcecode.swift; path = FavoriteVideo.swift; sourceTree = "<group>"; };
		F3F725B520711E19004DE373 /* FavoriteList.swift */ = {isa = PBXFileReference; lastKnownFileType = sourcecode.swift; path = FavoriteList.swift; sourceTree = "<group>"; };
/* End PBXFileReference section */

/* Begin PBXFrameworksBuildPhase section */
		F34EFF7820692E17002D783D /* Frameworks */ = {
			isa = PBXFrameworksBuildPhase;
			buildActionMask = 2147483647;
			files = (
				D268B0CF40CEF3D3B6E78F83 /* Pods_FinalProject.framework in Frameworks */,
			);
			runOnlyForDeploymentPostprocessing = 0;
		};
		F34EFF8C20692E18002D783D /* Frameworks */ = {
			isa = PBXFrameworksBuildPhase;
			buildActionMask = 2147483647;
			files = (
				0AD74B0176CBC7D15AD9EAEF /* Pods_FinalProjectTests.framework in Frameworks */,
			);
			runOnlyForDeploymentPostprocessing = 0;
		};
/* End PBXFrameworksBuildPhase section */

/* Begin PBXGroup section */
		8939B05947C9A9237179750E /* Pods */ = {
			isa = PBXGroup;
			children = (
				0AD588313B0CC837467210CC /* Pods-FinalProject.debug.xcconfig */,
				AC4A5DE54F83CA8D594D56C7 /* Pods-FinalProject.release.xcconfig */,
				9210384012805D887DB0A344 /* Pods-FinalProjectTests.debug.xcconfig */,
				B1D98268370AD4FE25F4F504 /* Pods-FinalProjectTests.release.xcconfig */,
			);
			name = Pods;
			sourceTree = "<group>";
		};
		C1C6034C57DD67FEC87E24A4 /* Frameworks */ = {
			isa = PBXGroup;
			children = (
				CCDA376CA627469CDA2EDB63 /* Pods_FinalProject.framework */,
				38ECB6B589D8484339EAC0E2 /* Pods_FinalProjectTests.framework */,
			);
			name = Frameworks;
			sourceTree = "<group>";
		};
		F305E6E0206BD3F200DE5495 /* ContentCell */ = {
			isa = PBXGroup;
			children = (
				F305E6E1206BD3F200DE5495 /* ContentTableCellViewModel.swift */,
				F305E6E2206BD3F200DE5495 /* ContentTableViewCell.swift */,
				F305E6E3206BD3F200DE5495 /* ContentTableViewCell.xib */,
			);
			path = ContentCell;
			sourceTree = "<group>";
		};
		F305E6ED206BE1FD00DE5495 /* SearchVC */ = {
			isa = PBXGroup;
			children = (
				F305E6EE206BE21A00DE5495 /* SearchViewController.swift */,
				F305E6EF206BE21A00DE5495 /* SearchViewController.xib */,
				F305E6F2206BE27200DE5495 /* SearchViewModel.swift */,
			);
			path = SearchVC;
			sourceTree = "<group>";
		};
		F305E6F4206BED0300DE5495 /* SearchCell */ = {
			isa = PBXGroup;
			children = (
				F305E6F5206BED2200DE5495 /* SearchTableViewCell.swift */,
				F305E6F6206BED2200DE5495 /* SearchTableViewCell.xib */,
				F305E6F9206BED7200DE5495 /* SearchTableCellViewModel.swift */,
			);
			path = SearchCell;
			sourceTree = "<group>";
		};
		F305E707206BF74A00DE5495 /* FavoriteCollectionCell */ = {
			isa = PBXGroup;
			children = (
				F305E708206BF77500DE5495 /* FavoriteCollectionViewCell.swift */,
				F305E709206BF77500DE5495 /* FavoriteCollectionViewCell.xib */,
				F305E70C206BF7A500DE5495 /* FavoriteCollectionViewModel.swift */,
			);
			path = FavoriteCollectionCell;
			sourceTree = "<group>";
		};
		F305E70E206BFEF700DE5495 /* CreateFolderCell */ = {
			isa = PBXGroup;
			children = (
				F305E70F206BFF1400DE5495 /* CreateFolderCell.swift */,
				F305E710206BFF1400DE5495 /* CreateFolderCell.xib */,
			);
			path = CreateFolderCell;
			sourceTree = "<group>";
		};
		F328403A207A13D200F4C976 /* AutoNextVideoCell */ = {
			isa = PBXGroup;
			children = (
				F328403B207A140700F4C976 /* AutoNextVideoCell.swift */,
				F328403C207A140700F4C976 /* AutoNextVideoCell.xib */,
			);
			path = AutoNextVideoCell;
			sourceTree = "<group>";
		};
		F3457F21207910D900DA9BBA /* CustomView */ = {
			isa = PBXGroup;
			children = (
				F328403A207A13D200F4C976 /* AutoNextVideoCell */,
				F3457F3020791DC300DA9BBA /* DescriptionCell */,
				F3457F2920791AE200DA9BBA /* RelateVideoCell */,
				F3457F22207910E500DA9BBA /* InfoCell */,
			);
			path = CustomView;
			sourceTree = "<group>";
		};
		F3457F22207910E500DA9BBA /* InfoCell */ = {
			isa = PBXGroup;
			children = (
				F3457F23207910FF00DA9BBA /* InfoCell.swift */,
				F3457F24207910FF00DA9BBA /* InfoCell.xib */,
				F3457F272079129000DA9BBA /* InfoCellModel.swift */,
			);
			path = InfoCell;
			sourceTree = "<group>";
		};
		F3457F2920791AE200DA9BBA /* RelateVideoCell */ = {
			isa = PBXGroup;
			children = (
				F3457F2A20791B8E00DA9BBA /* RelateVideoCell.swift */,
				F3457F2B20791B8E00DA9BBA /* RelateVideoCell.xib */,
				F3457F2E20791C2B00DA9BBA /* RelateVideoCellModel.swift */,
			);
			path = RelateVideoCell;
			sourceTree = "<group>";
		};
		F3457F3020791DC300DA9BBA /* DescriptionCell */ = {
			isa = PBXGroup;
			children = (
				F3457F3120791DFC00DA9BBA /* DescriptionCellViewModel.swift */,
				F3457F3320791E1000DA9BBA /* DescriptionCell.swift */,
				F3457F3420791E1000DA9BBA /* DescriptionCell.xib */,
			);
			path = DescriptionCell;
			sourceTree = "<group>";
		};
		F34E006820693077002D783D /* Extensions */ = {
			isa = PBXGroup;
			children = (
				F34E006920693077002D783D /* Array.swift */,
				F34E006A20693077002D783D /* Bundle.swift */,
				F34E006B20693077002D783D /* CGRect.swift */,
				F34E006C20693077002D783D /* Data.swift */,
				F34E006D20693077002D783D /* Date.swift */,
				F34E006E20693077002D783D /* Dictionary.swift */,
				F34E006F20693077002D783D /* DispatchQueue.swift */,
				F34E007020693077002D783D /* FileManager.swift */,
				F34E007120693077002D783D /* Int.swift */,
				F34E007220693077002D783D /* Label.swift */,
				F34E007320693077002D783D /* NSLock.swift */,
				F34E007420693077002D783D /* NSObject.swift */,
				F34E007520693077002D783D /* Optional.swift */,
				F34E007620693077002D783D /* RefreshControl.swift */,
				F34E007720693077002D783D /* Regex.swift */,
				F34E007820693077002D783D /* String.swift */,
				F34E007920693077002D783D /* Timer.swift */,
				F34E007A20693077002D783D /* UIApplication.swift */,
				F34E007B20693077002D783D /* UIButton.swift */,
				F34E007C20693077002D783D /* UICollectionView.swift */,
				F34E007D20693077002D783D /* UIColor.swift */,
				F34E007E20693077002D783D /* UIImage.swift */,
				F34E007F20693077002D783D /* UIImageView.swift */,
				F34E008020693077002D783D /* UILabel.swift */,
				F34E008120693077002D783D /* UINavigationController.swift */,
				F34E008220693077002D783D /* UINib.swift */,
				F34E008320693077002D783D /* UIScrollView.swift */,
				F34E008420693077002D783D /* UIStoryboard.swift */,
				F34E008520693077002D783D /* UITableView.swift */,
				F34E008620693077002D783D /* UITextField.swift */,
				F34E008720693077002D783D /* UIView.swift */,
				F34E008820693077002D783D /* UIViewController.swift */,
				F328403F207A202500F4C976 /* NSContraintExtension.swift */,
			);
			path = Extensions;
			sourceTree = "<group>";
		};
		F34E008920693077002D783D /* Helper */ = {
			isa = PBXGroup;
			children = (
				F34E008A20693077002D783D /* Font.swift */,
				F34E008B20693077002D783D /* Helper.swift */,
				F34E008F20693077002D783D /* Strings.swift */,
				F3F66685206A63C600FCC803 /* Color.swift */,
				F3B11C53206F2E00001FE066 /* Constant.swift */,
			);
			path = Helper;
			sourceTree = "<group>";
		};
		F34E00A220693077002D783D /* Libraries */ = {
			isa = PBXGroup;
			children = (
				F3AD0D9C2079D2FD00038638 /* FVReadMoreLabel.swift */,
				F34E00A320693077002D783D /* AlertView.swift */,
				F34E00A420693077002D783D /* DatePicker.swift */,
				F34E00A520693077002D783D /* ExpandTextField.swift */,
				F34E00A620693077002D783D /* FacebookCommon.swift */,
				F34E00A720693077002D783D /* LinearTextField.swift */,
				F34E00A820693077002D783D /* PullTableView.swift */,
				F34E00A920693077002D783D /* SearchTextField.swift */,
				F34E00AA20693077002D783D /* TagView.swift */,
			);
			path = Libraries;
			sourceTree = "<group>";
		};
		F34E00AB20693077002D783D /* Resources */ = {
			isa = PBXGroup;
			children = (
				F34E00F8206930B5002D783D /* Assets.xcassets */,
				F34E00F9206930B5002D783D /* Base.lproj */,
			);
			path = Resources;
			sourceTree = "<group>";
		};
		F34E00AC20693077002D783D /* Model */ = {
			isa = PBXGroup;
			children = (
				F34E00AE20693077002D783D /* RealmConfig */,
				F305E703206BF44F00DE5495 /* Category.swift */,
				F305E705206BF52A00DE5495 /* Video.swift */,
				F37EAD57206FDB3300A64D8C /* Channel.swift */,
				F3F725B320711CDE004DE373 /* FavoriteVideo.swift */,
				F3F725B520711E19004DE373 /* FavoriteList.swift */,
			);
			path = Model;
			sourceTree = "<group>";
		};
		F34E00AE20693077002D783D /* RealmConfig */ = {
			isa = PBXGroup;
			children = (
				F3B11C58206F6B1A001FE066 /* RealmManager.swift */,
				F34E00AF20693077002D783D /* RealmConfig.swift */,
			);
			path = RealmConfig;
			sourceTree = "<group>";
		};
		F34E00B120693078002D783D /* ViewModel */ = {
			isa = PBXGroup;
			children = (
				F34E00B220693078002D783D /* DataProvider.swift */,
				F34E00B320693078002D783D /* Dynamic.swift */,
			);
			path = ViewModel;
			sourceTree = "<group>";
		};
		F34E00F5206930AD002D783D /* AppDelegate */ = {
			isa = PBXGroup;
			children = (
				F34E00F6206930AD002D783D /* AppDelegate.swift */,
			);
			path = AppDelegate;
			sourceTree = "<group>";
		};
		F34E00F9206930B5002D783D /* Base.lproj */ = {
			isa = PBXGroup;
			children = (
				F34E00FA206930B5002D783D /* LaunchScreen.storyboard */,
			);
			path = Base.lproj;
			sourceTree = "<group>";
		};
		F34E00FE206932EC002D783D /* Base */ = {
			isa = PBXGroup;
			children = (
				F34E00FF206932EC002D783D /* CollectionViewCell.swift */,
				F34E0100206932EC002D783D /* NavigationController.swift */,
				F34E0101206932EC002D783D /* BaseNibView.swift */,
				F34E0102206932EC002D783D /* TabbarController.swift */,
				F34E0103206932EC002D783D /* TableViewCell.swift */,
				F34E0104206932EC002D783D /* ViewController.swift */,
			);
			path = Base;
			sourceTree = "<group>";
		};
		F34E0105206932EC002D783D /* Controllers */ = {
			isa = PBXGroup;
			children = (
				F36869D220707CC000DFAE14 /* CategoryVC */,
				F3954983206E6D8800090D5F /* DetailVideoVC */,
				F305E6ED206BE1FD00DE5495 /* SearchVC */,
				F3F66696206A6CD600FCC803 /* Favorite */,
				F3F66688206A662A00FCC803 /* HistoryVC */,
				F34E0106206932EC002D783D /* Home */,
				F3F66687206A662A00FCC803 /* TrendingVC */,
			);
			path = Controllers;
			sourceTree = "<group>";
		};
		F34E0106206932EC002D783D /* Home */ = {
			isa = PBXGroup;
			children = (
				F305E6E8206BD41E00DE5495 /* HomeViewController.swift */,
				F305E6E9206BD41F00DE5495 /* HomeViewController.xib */,
				F305E6E7206BD41E00DE5495 /* HomeViewModel.swift */,
			);
			path = Home;
			sourceTree = "<group>";
		};
		F34EFF7220692E17002D783D = {
			isa = PBXGroup;
			children = (
				F34EFF7D20692E17002D783D /* FinalProject */,
				F34EFF9220692E18002D783D /* FinalProjectTests */,
				F34EFF7C20692E17002D783D /* Products */,
				8939B05947C9A9237179750E /* Pods */,
				C1C6034C57DD67FEC87E24A4 /* Frameworks */,
			);
			sourceTree = "<group>";
		};
		F34EFF7C20692E17002D783D /* Products */ = {
			isa = PBXGroup;
			children = (
				F34EFF7B20692E17002D783D /* FinalProject.app */,
				F34EFF8F20692E18002D783D /* FinalProjectTests.xctest */,
			);
			name = Products;
			sourceTree = "<group>";
		};
		F34EFF7D20692E17002D783D /* FinalProject */ = {
			isa = PBXGroup;
			children = (
				F34E00F5206930AD002D783D /* AppDelegate */,
				F34E00FE206932EC002D783D /* Base */,
				F34E0105206932EC002D783D /* Controllers */,
				F34E006820693077002D783D /* Extensions */,
				F34E008920693077002D783D /* Helper */,
				F34EFF8A20692E18002D783D /* Info.plist */,
				F34E00A220693077002D783D /* Libraries */,
				F34E00AC20693077002D783D /* Model */,
				F34E00AB20693077002D783D /* Resources */,
				F3F6667F206A61B000FCC803 /* Views */,
				F3B11C37206F2C4F001FE066 /* Services */,
				F34E00B120693078002D783D /* ViewModel */,
			);
			path = FinalProject;
			sourceTree = "<group>";
		};
		F34EFF9220692E18002D783D /* FinalProjectTests */ = {
			isa = PBXGroup;
			children = (
				F34EFF9320692E18002D783D /* FinalProjectTests.swift */,
				F34EFF9520692E18002D783D /* Info.plist */,
			);
			path = FinalProjectTests;
			sourceTree = "<group>";
		};
		F36869D220707CC000DFAE14 /* CategoryVC */ = {
			isa = PBXGroup;
			children = (
				F36869D320707CD700DFAE14 /* CategoryViewController.swift */,
				F36869D420707CD700DFAE14 /* CategoryViewController.xib */,
				F36869D720707CE200DFAE14 /* CategoryViewModel.swift */,
			);
			path = CategoryVC;
			sourceTree = "<group>";
		};
		F36869D9207084AD00DFAE14 /* TitleCell */ = {
			isa = PBXGroup;
			children = (
				F36869DA207084F400DFAE14 /* TitleCell.swift */,
				F36869DB207084F400DFAE14 /* TitleCell.xib */,
				F36869DE207085CA00DFAE14 /* TitleViewModel.swift */,
			);
			path = TitleCell;
			sourceTree = "<group>";
		};
		F3954975206E68C200090D5F /* FavoriteList */ = {
			isa = PBXGroup;
			children = (
				F3954976206E68F200090D5F /* FavoriteListViewController.swift */,
				F3954977206E68F200090D5F /* FavoriteListViewController.xib */,
				F395497A206E699300090D5F /* FavoriteListViewModel.swift */,
			);
			path = FavoriteList;
			sourceTree = "<group>";
		};
		F395497C206E6B1C00090D5F /* FavoriteListCell */ = {
			isa = PBXGroup;
			children = (
				F395497D206E6B3B00090D5F /* FavoriteListCell.swift */,
				F395497E206E6B3B00090D5F /* FavoriteListCell.xib */,
				F3954981206E6B5600090D5F /* FavoriteListCellViewModel.swift */,
			);
			path = FavoriteListCell;
			sourceTree = "<group>";
		};
		F3954983206E6D8800090D5F /* DetailVideoVC */ = {
			isa = PBXGroup;
			children = (
				F3457F21207910D900DA9BBA /* CustomView */,
				F3954984206E6DAA00090D5F /* DetailVideoViewController.swift */,
				F3954985206E6DAA00090D5F /* DetailVideoViewController.xib */,
				F3954988206E6DC700090D5F /* DetailVideoViewModel.swift */,
			);
			path = DetailVideoVC;
			sourceTree = "<group>";
		};
		F3B11C37206F2C4F001FE066 /* Services */ = {
			isa = PBXGroup;
			children = (
				F3B11C38206F2C4F001FE066 /* Core */,
				F3B11C3F206F2C4F001FE066 /* Input */,
				F3B11C42206F2C4F001FE066 /* Services */,
				F3B11C45206F2C4F001FE066 /* Services.swift */,
			);
			path = Services;
			sourceTree = "<group>";
		};
		F3B11C38206F2C4F001FE066 /* Core */ = {
			isa = PBXGroup;
			children = (
				F3B11C39206F2C4F001FE066 /* APIManager.swift */,
				F3B11C3A206F2C4F001FE066 /* APIPath.swift */,
				F3B11C3B206F2C4F001FE066 /* BaseInputProtocol.swift */,
				F3B11C3C206F2C4F001FE066 /* BaseService.swift */,
				F3B11C3D206F2C4F001FE066 /* ResponseSerializer.swift */,
				F3B11C3E206F2C4F001FE066 /* ServiceError.swift */,
			);
			path = Core;
			sourceTree = "<group>";
		};
		F3B11C3F206F2C4F001FE066 /* Input */ = {
			isa = PBXGroup;
			children = (
				F3B11C41206F2C4F001FE066 /* UserInput.swift */,
				F3B11C51206F2D1D001FE066 /* CategoryInput.swift */,
				F3B11C5B206F77B7001FE066 /* VideoInput.swift */,
			);
			path = Input;
			sourceTree = "<group>";
		};
		F3B11C42206F2C4F001FE066 /* Services */ = {
			isa = PBXGroup;
			children = (
				F3B11C55206F2E92001FE066 /* CategoryService.swift */,
				F3B05CB1206F857B00BAD308 /* VideoService.swift */,
				F3457F3720792CC200DA9BBA /* ChannelService.swift */,
			);
			path = Services;
			sourceTree = "<group>";
		};
		F3F6667F206A61B000FCC803 /* Views */ = {
			isa = PBXGroup;
			children = (
				F36869D9207084AD00DFAE14 /* TitleCell */,
				F395497C206E6B1C00090D5F /* FavoriteListCell */,
				F305E70E206BFEF700DE5495 /* CreateFolderCell */,
				F305E707206BF74A00DE5495 /* FavoriteCollectionCell */,
				F305E6F4206BED0300DE5495 /* SearchCell */,
				F305E6E0206BD3F200DE5495 /* ContentCell */,
				F3F666A7206A813C00FCC803 /* CategoryCell */,
				F3F66680206A61B000FCC803 /* TabbarView */,
			);
			path = Views;
			sourceTree = "<group>";
		};
		F3F66680206A61B000FCC803 /* TabbarView */ = {
			isa = PBXGroup;
			children = (
				F3F66681206A61B000FCC803 /* TabBarView.swift */,
				F3F66682206A61B000FCC803 /* TabBarView.xib */,
			);
			path = TabbarView;
			sourceTree = "<group>";
		};
		F3F66687206A662A00FCC803 /* TrendingVC */ = {
			isa = PBXGroup;
			children = (
				F3F66692206A696200FCC803 /* TrendingViewController.swift */,
				F3F66693206A696200FCC803 /* TrendingViewController.xib */,
				F305E6DE206BCD3F00DE5495 /* TrendingViewModel.swift */,
			);
			path = TrendingVC;
			sourceTree = "<group>";
		};
		F3F66688206A662A00FCC803 /* HistoryVC */ = {
			isa = PBXGroup;
			children = (
				F3F6668A206A693E00FCC803 /* HistoryViewController.swift */,
				F3F6668B206A693E00FCC803 /* HistoryViewController.xib */,
				F305E713206C026D00DE5495 /* HistoryViewModel.swift */,
			);
			path = HistoryVC;
			sourceTree = "<group>";
		};
		F3F66696206A6CD600FCC803 /* Favorite */ = {
			isa = PBXGroup;
			children = (
				F3954975206E68C200090D5F /* FavoriteList */,
				F3F66697206A6CE100FCC803 /* FavoriteViewController.swift */,
				F3F66698206A6CE100FCC803 /* FavoriteViewController.xib */,
				F305E6FB206BF0DA00DE5495 /* FavoriteViewModel.swift */,
			);
			path = Favorite;
			sourceTree = "<group>";
		};
		F3F666A7206A813C00FCC803 /* CategoryCell */ = {
			isa = PBXGroup;
			children = (
				F305E6FD206BF3CD00DE5495 /* CategoryTableViewCell.swift */,
				F305E6FE206BF3CD00DE5495 /* CategoryTableViewCell.xib */,
				F305E701206BF3EB00DE5495 /* CategoryTableCellViewModel.swift */,
			);
			path = CategoryCell;
			sourceTree = "<group>";
		};
/* End PBXGroup section */

/* Begin PBXNativeTarget section */
		F34EFF7A20692E17002D783D /* FinalProject */ = {
			isa = PBXNativeTarget;
			buildConfigurationList = F34EFF9820692E18002D783D /* Build configuration list for PBXNativeTarget "FinalProject" */;
			buildPhases = (
				75AE30C0521C28FD64FF499A /* [CP] Check Pods Manifest.lock */,
				F34EFF7720692E17002D783D /* Sources */,
				F34EFF7820692E17002D783D /* Frameworks */,
				F34EFF7920692E17002D783D /* Resources */,
				6E606FACAE851C250515BC48 /* [CP] Embed Pods Frameworks */,
				E3CAA230E467C7AF7836C928 /* [CP] Copy Pods Resources */,
				F34E011120693BC3002D783D /* Swiftlint */,
			);
			buildRules = (
			);
			dependencies = (
			);
			name = FinalProject;
			productName = FinalProject;
			productReference = F34EFF7B20692E17002D783D /* FinalProject.app */;
			productType = "com.apple.product-type.application";
		};
		F34EFF8E20692E18002D783D /* FinalProjectTests */ = {
			isa = PBXNativeTarget;
			buildConfigurationList = F34EFF9B20692E18002D783D /* Build configuration list for PBXNativeTarget "FinalProjectTests" */;
			buildPhases = (
				AAC470560944EF8FB6BC015C /* [CP] Check Pods Manifest.lock */,
				F34EFF8B20692E18002D783D /* Sources */,
				F34EFF8C20692E18002D783D /* Frameworks */,
				F34EFF8D20692E18002D783D /* Resources */,
				49E567E19F967AC596527A83 /* [CP] Embed Pods Frameworks */,
				93D8F395ABC60CBFC7C22264 /* [CP] Copy Pods Resources */,
			);
			buildRules = (
			);
			dependencies = (
				F34EFF9120692E18002D783D /* PBXTargetDependency */,
			);
			name = FinalProjectTests;
			productName = FinalProjectTests;
			productReference = F34EFF8F20692E18002D783D /* FinalProjectTests.xctest */;
			productType = "com.apple.product-type.bundle.unit-test";
		};
/* End PBXNativeTarget section */

/* Begin PBXProject section */
		F34EFF7320692E17002D783D /* Project object */ = {
			isa = PBXProject;
			attributes = {
				LastSwiftUpdateCheck = 0920;
				LastUpgradeCheck = 0920;
				ORGANIZATIONNAME = "Duy Tang";
				TargetAttributes = {
					F34EFF7A20692E17002D783D = {
						CreatedOnToolsVersion = 9.2;
						LastSwiftMigration = 0920;
						ProvisioningStyle = Automatic;
					};
					F34EFF8E20692E18002D783D = {
						CreatedOnToolsVersion = 9.2;
						ProvisioningStyle = Automatic;
						TestTargetID = F34EFF7A20692E17002D783D;
					};
				};
			};
			buildConfigurationList = F34EFF7620692E17002D783D /* Build configuration list for PBXProject "FinalProject" */;
			compatibilityVersion = "Xcode 8.0";
			developmentRegion = en;
			hasScannedForEncodings = 0;
			knownRegions = (
				en,
				Base,
			);
			mainGroup = F34EFF7220692E17002D783D;
			productRefGroup = F34EFF7C20692E17002D783D /* Products */;
			projectDirPath = "";
			projectRoot = "";
			targets = (
				F34EFF7A20692E17002D783D /* FinalProject */,
				F34EFF8E20692E18002D783D /* FinalProjectTests */,
			);
		};
/* End PBXProject section */

/* Begin PBXResourcesBuildPhase section */
		F34EFF7920692E17002D783D /* Resources */ = {
			isa = PBXResourcesBuildPhase;
			buildActionMask = 2147483647;
			files = (
				F34E00FD206930B5002D783D /* LaunchScreen.storyboard in Resources */,
				F34E00FC206930B5002D783D /* Assets.xcassets in Resources */,
				F36869DD207084F400DFAE14 /* TitleCell.xib in Resources */,
				F305E6E6206BD3F200DE5495 /* ContentTableViewCell.xib in Resources */,
				F305E700206BF3CD00DE5495 /* CategoryTableViewCell.xib in Resources */,
				F3F6669A206A6CE100FCC803 /* FavoriteViewController.xib in Resources */,
				F3457F26207910FF00DA9BBA /* InfoCell.xib in Resources */,
				F36869D620707CD700DFAE14 /* CategoryViewController.xib in Resources */,
				F3457F2D20791B8E00DA9BBA /* RelateVideoCell.xib in Resources */,
				F305E6F8206BED2200DE5495 /* SearchTableViewCell.xib in Resources */,
				F3954979206E68F200090D5F /* FavoriteListViewController.xib in Resources */,
				F3954987206E6DAA00090D5F /* DetailVideoViewController.xib in Resources */,
				F3F66684206A61B000FCC803 /* TabBarView.xib in Resources */,
				F3954980206E6B3B00090D5F /* FavoriteListCell.xib in Resources */,
				F305E712206BFF1400DE5495 /* CreateFolderCell.xib in Resources */,
				F3F6668D206A693E00FCC803 /* HistoryViewController.xib in Resources */,
				F305E6F1206BE21A00DE5495 /* SearchViewController.xib in Resources */,
				F305E6EC206BD41F00DE5495 /* HomeViewController.xib in Resources */,
				F305E70B206BF77500DE5495 /* FavoriteCollectionViewCell.xib in Resources */,
				F3457F3620791E1000DA9BBA /* DescriptionCell.xib in Resources */,
				F3F66695206A696200FCC803 /* TrendingViewController.xib in Resources */,
				F328403E207A140700F4C976 /* AutoNextVideoCell.xib in Resources */,
			);
			runOnlyForDeploymentPostprocessing = 0;
		};
		F34EFF8D20692E18002D783D /* Resources */ = {
			isa = PBXResourcesBuildPhase;
			buildActionMask = 2147483647;
			files = (
			);
			runOnlyForDeploymentPostprocessing = 0;
		};
/* End PBXResourcesBuildPhase section */

/* Begin PBXShellScriptBuildPhase section */
		49E567E19F967AC596527A83 /* [CP] Embed Pods Frameworks */ = {
			isa = PBXShellScriptBuildPhase;
			buildActionMask = 2147483647;
			files = (
			);
			inputPaths = (
			);
			name = "[CP] Embed Pods Frameworks";
			outputPaths = (
			);
			runOnlyForDeploymentPostprocessing = 0;
			shellPath = /bin/sh;
			shellScript = "\"${SRCROOT}/Pods/Target Support Files/Pods-FinalProjectTests/Pods-FinalProjectTests-frameworks.sh\"\n";
			showEnvVarsInLog = 0;
		};
		6E606FACAE851C250515BC48 /* [CP] Embed Pods Frameworks */ = {
			isa = PBXShellScriptBuildPhase;
			buildActionMask = 2147483647;
			files = (
			);
			inputPaths = (
				"${SRCROOT}/Pods/Target Support Files/Pods-FinalProject/Pods-FinalProject-frameworks.sh",
				"${BUILT_PRODUCTS_DIR}/Alamofire/Alamofire.framework",
				"${BUILT_PRODUCTS_DIR}/IQKeyboardManagerSwift/IQKeyboardManagerSwift.framework",
				"${BUILT_PRODUCTS_DIR}/Kingfisher/Kingfisher.framework",
				"${BUILT_PRODUCTS_DIR}/MBProgressHUD/MBProgressHUD.framework",
				"${BUILT_PRODUCTS_DIR}/MVVM-Swift/MVVM.framework",
				"${BUILT_PRODUCTS_DIR}/ObjectMapper/ObjectMapper.framework",
				"${BUILT_PRODUCTS_DIR}/PureLayout/PureLayout.framework",
				"${BUILT_PRODUCTS_DIR}/Reachability/Reachability.framework",
				"${BUILT_PRODUCTS_DIR}/Realm/Realm.framework",
				"${BUILT_PRODUCTS_DIR}/RealmSwift/RealmSwift.framework",
				"${BUILT_PRODUCTS_DIR}/SnapKit/SnapKit.framework",
				"${BUILT_PRODUCTS_DIR}/SwifterSwift/SwifterSwift.framework",
				"${BUILT_PRODUCTS_DIR}/XCDYouTubeKit/XCDYouTubeKit.framework",
			);
			name = "[CP] Embed Pods Frameworks";
			outputPaths = (
				"${TARGET_BUILD_DIR}/${FRAMEWORKS_FOLDER_PATH}/Alamofire.framework",
				"${TARGET_BUILD_DIR}/${FRAMEWORKS_FOLDER_PATH}/IQKeyboardManagerSwift.framework",
				"${TARGET_BUILD_DIR}/${FRAMEWORKS_FOLDER_PATH}/Kingfisher.framework",
				"${TARGET_BUILD_DIR}/${FRAMEWORKS_FOLDER_PATH}/MBProgressHUD.framework",
				"${TARGET_BUILD_DIR}/${FRAMEWORKS_FOLDER_PATH}/MVVM.framework",
				"${TARGET_BUILD_DIR}/${FRAMEWORKS_FOLDER_PATH}/ObjectMapper.framework",
				"${TARGET_BUILD_DIR}/${FRAMEWORKS_FOLDER_PATH}/PureLayout.framework",
				"${TARGET_BUILD_DIR}/${FRAMEWORKS_FOLDER_PATH}/Reachability.framework",
				"${TARGET_BUILD_DIR}/${FRAMEWORKS_FOLDER_PATH}/Realm.framework",
				"${TARGET_BUILD_DIR}/${FRAMEWORKS_FOLDER_PATH}/RealmSwift.framework",
				"${TARGET_BUILD_DIR}/${FRAMEWORKS_FOLDER_PATH}/SnapKit.framework",
				"${TARGET_BUILD_DIR}/${FRAMEWORKS_FOLDER_PATH}/SwifterSwift.framework",
				"${TARGET_BUILD_DIR}/${FRAMEWORKS_FOLDER_PATH}/XCDYouTubeKit.framework",
			);
			runOnlyForDeploymentPostprocessing = 0;
			shellPath = /bin/sh;
			shellScript = "\"${SRCROOT}/Pods/Target Support Files/Pods-FinalProject/Pods-FinalProject-frameworks.sh\"\n";
			showEnvVarsInLog = 0;
		};
		75AE30C0521C28FD64FF499A /* [CP] Check Pods Manifest.lock */ = {
			isa = PBXShellScriptBuildPhase;
			buildActionMask = 2147483647;
			files = (
			);
			inputPaths = (
				"${PODS_PODFILE_DIR_PATH}/Podfile.lock",
				"${PODS_ROOT}/Manifest.lock",
			);
			name = "[CP] Check Pods Manifest.lock";
			outputPaths = (
				"$(DERIVED_FILE_DIR)/Pods-FinalProject-checkManifestLockResult.txt",
			);
			runOnlyForDeploymentPostprocessing = 0;
			shellPath = /bin/sh;
			shellScript = "diff \"${PODS_PODFILE_DIR_PATH}/Podfile.lock\" \"${PODS_ROOT}/Manifest.lock\" > /dev/null\nif [ $? != 0 ] ; then\n    # print error to STDERR\n    echo \"error: The sandbox is not in sync with the Podfile.lock. Run 'pod install' or update your CocoaPods installation.\" >&2\n    exit 1\nfi\n# This output is used by Xcode 'outputs' to avoid re-running this script phase.\necho \"SUCCESS\" > \"${SCRIPT_OUTPUT_FILE_0}\"\n";
			showEnvVarsInLog = 0;
		};
		93D8F395ABC60CBFC7C22264 /* [CP] Copy Pods Resources */ = {
			isa = PBXShellScriptBuildPhase;
			buildActionMask = 2147483647;
			files = (
			);
			inputPaths = (
			);
			name = "[CP] Copy Pods Resources";
			outputPaths = (
			);
			runOnlyForDeploymentPostprocessing = 0;
			shellPath = /bin/sh;
			shellScript = "\"${SRCROOT}/Pods/Target Support Files/Pods-FinalProjectTests/Pods-FinalProjectTests-resources.sh\"\n";
			showEnvVarsInLog = 0;
		};
		AAC470560944EF8FB6BC015C /* [CP] Check Pods Manifest.lock */ = {
			isa = PBXShellScriptBuildPhase;
			buildActionMask = 2147483647;
			files = (
			);
			inputPaths = (
				"${PODS_PODFILE_DIR_PATH}/Podfile.lock",
				"${PODS_ROOT}/Manifest.lock",
			);
			name = "[CP] Check Pods Manifest.lock";
			outputPaths = (
				"$(DERIVED_FILE_DIR)/Pods-FinalProjectTests-checkManifestLockResult.txt",
			);
			runOnlyForDeploymentPostprocessing = 0;
			shellPath = /bin/sh;
			shellScript = "diff \"${PODS_PODFILE_DIR_PATH}/Podfile.lock\" \"${PODS_ROOT}/Manifest.lock\" > /dev/null\nif [ $? != 0 ] ; then\n    # print error to STDERR\n    echo \"error: The sandbox is not in sync with the Podfile.lock. Run 'pod install' or update your CocoaPods installation.\" >&2\n    exit 1\nfi\n# This output is used by Xcode 'outputs' to avoid re-running this script phase.\necho \"SUCCESS\" > \"${SCRIPT_OUTPUT_FILE_0}\"\n";
			showEnvVarsInLog = 0;
		};
		E3CAA230E467C7AF7836C928 /* [CP] Copy Pods Resources */ = {
			isa = PBXShellScriptBuildPhase;
			buildActionMask = 2147483647;
			files = (
			);
			inputPaths = (
			);
			name = "[CP] Copy Pods Resources";
			outputPaths = (
			);
			runOnlyForDeploymentPostprocessing = 0;
			shellPath = /bin/sh;
			shellScript = "\"${SRCROOT}/Pods/Target Support Files/Pods-FinalProject/Pods-FinalProject-resources.sh\"\n";
			showEnvVarsInLog = 0;
		};
		F34E011120693BC3002D783D /* Swiftlint */ = {
			isa = PBXShellScriptBuildPhase;
			buildActionMask = 2147483647;
			files = (
			);
			inputPaths = (
			);
			name = Swiftlint;
			outputPaths = (
			);
			runOnlyForDeploymentPostprocessing = 0;
			shellPath = /bin/sh;
			shellScript = "\"${PODS_ROOT}/SwiftLint/swiftlint\"\n";
		};
/* End PBXShellScriptBuildPhase section */

/* Begin PBXSourcesBuildPhase section */
		F34EFF7720692E17002D783D /* Sources */ = {
			isa = PBXSourcesBuildPhase;
			buildActionMask = 2147483647;
			files = (
				F3457F2C20791B8E00DA9BBA /* RelateVideoCell.swift in Sources */,
				F3AD0D9D2079D2FD00038638 /* FVReadMoreLabel.swift in Sources */,
				F34E00D420693078002D783D /* Font.swift in Sources */,
				F34E00C520693078002D783D /* UIApplication.swift in Sources */,
				F34E010C206932EC002D783D /* TabbarController.swift in Sources */,
				F34E00B420693078002D783D /* Array.swift in Sources */,
				F305E6FF206BF3CD00DE5495 /* CategoryTableViewCell.swift in Sources */,
				F34E010E206932EC002D783D /* ViewController.swift in Sources */,
				F305E6F3206BE27200DE5495 /* SearchViewModel.swift in Sources */,
				F34E00C720693078002D783D /* UICollectionView.swift in Sources */,
				F34E00D020693078002D783D /* UITableView.swift in Sources */,
				F3F725B620711E19004DE373 /* FavoriteList.swift in Sources */,
				F34E00F120693078002D783D /* RealmConfig.swift in Sources */,
				F34E00B620693078002D783D /* CGRect.swift in Sources */,
				F34E00C820693078002D783D /* UIColor.swift in Sources */,
				F34E00CE20693078002D783D /* UIScrollView.swift in Sources */,
				F34E00CB20693078002D783D /* UILabel.swift in Sources */,
				F305E714206C026D00DE5495 /* HistoryViewModel.swift in Sources */,
				F36869DC207084F400DFAE14 /* TitleCell.swift in Sources */,
				F3B11C5A206F6B1A001FE066 /* RealmManager.swift in Sources */,
				F34E00F420693078002D783D /* Dynamic.swift in Sources */,
				F34E00B520693078002D783D /* Bundle.swift in Sources */,
				F3F66683206A61B000FCC803 /* TabBarView.swift in Sources */,
				F3F66699206A6CE100FCC803 /* FavoriteViewController.swift in Sources */,
				F34E00C320693078002D783D /* String.swift in Sources */,
				F3B11C4A206F2C4F001FE066 /* ResponseSerializer.swift in Sources */,
				F34E00D220693078002D783D /* UIView.swift in Sources */,
				F34E00D320693078002D783D /* UIViewController.swift in Sources */,
				F305E6DF206BCD3F00DE5495 /* TrendingViewModel.swift in Sources */,
				F305E6EA206BD41F00DE5495 /* HomeViewModel.swift in Sources */,
				F34E00CD20693078002D783D /* UINib.swift in Sources */,
				F305E6FC206BF0DA00DE5495 /* FavoriteViewModel.swift in Sources */,
				F34E00BC20693078002D783D /* Int.swift in Sources */,
				F34E00BB20693078002D783D /* FileManager.swift in Sources */,
				F34E00EC20693078002D783D /* LinearTextField.swift in Sources */,
				F34E010B206932EC002D783D /* BaseNibView.swift in Sources */,
				F305E70D206BF7A500DE5495 /* FavoriteCollectionViewModel.swift in Sources */,
				F34E00E920693078002D783D /* DatePicker.swift in Sources */,
				F3B11C46206F2C4F001FE066 /* APIManager.swift in Sources */,
				F34E00B720693078002D783D /* Data.swift in Sources */,
				F305E711206BFF1400DE5495 /* CreateFolderCell.swift in Sources */,
				F34E00D920693078002D783D /* Strings.swift in Sources */,
				F3F66694206A696200FCC803 /* TrendingViewController.swift in Sources */,
				F34E0109206932EC002D783D /* CollectionViewCell.swift in Sources */,
				F395497F206E6B3B00090D5F /* FavoriteListCell.swift in Sources */,
				F3284040207A202500F4C976 /* NSContraintExtension.swift in Sources */,
				F3F725B420711CDE004DE373 /* FavoriteVideo.swift in Sources */,
				F3B11C4B206F2C4F001FE066 /* ServiceError.swift in Sources */,
				F3954989206E6DC700090D5F /* DetailVideoViewModel.swift in Sources */,
				F3B05CB2206F857B00BAD308 /* VideoService.swift in Sources */,
				F305E6F7206BED2200DE5495 /* SearchTableViewCell.swift in Sources */,
				F34E00F7206930AD002D783D /* AppDelegate.swift in Sources */,
				F3B11C50206F2C4F001FE066 /* Services.swift in Sources */,
				F34E00CA20693078002D783D /* UIImageView.swift in Sources */,
				F37EAD58206FDB3300A64D8C /* Channel.swift in Sources */,
				F3457F2F20791C2B00DA9BBA /* RelateVideoCellModel.swift in Sources */,
				F34E00BA20693078002D783D /* DispatchQueue.swift in Sources */,
				F34E00C220693078002D783D /* Regex.swift in Sources */,
				F3B11C5C206F77B7001FE066 /* VideoInput.swift in Sources */,
				F3B11C54206F2E00001FE066 /* Constant.swift in Sources */,
				F305E6E4206BD3F200DE5495 /* ContentTableCellViewModel.swift in Sources */,
				F305E704206BF44F00DE5495 /* Category.swift in Sources */,
				F34E00BE20693078002D783D /* NSLock.swift in Sources */,
				F34E00F320693078002D783D /* DataProvider.swift in Sources */,
				F34E00E820693078002D783D /* AlertView.swift in Sources */,
				F3457F3520791E1000DA9BBA /* DescriptionCell.swift in Sources */,
				F3954978206E68F200090D5F /* FavoriteListViewController.swift in Sources */,
				F34E00CF20693078002D783D /* UIStoryboard.swift in Sources */,
				F34E00EA20693078002D783D /* ExpandTextField.swift in Sources */,
				F3F66686206A63C600FCC803 /* Color.swift in Sources */,
				F34E010D206932EC002D783D /* TableViewCell.swift in Sources */,
				F34E00D520693078002D783D /* Helper.swift in Sources */,
				F34E00BD20693078002D783D /* Label.swift in Sources */,
				F34E00C920693078002D783D /* UIImage.swift in Sources */,
				F3B11C4D206F2C4F001FE066 /* UserInput.swift in Sources */,
				F34E010A206932EC002D783D /* NavigationController.swift in Sources */,
				F3B11C48206F2C4F001FE066 /* BaseInputProtocol.swift in Sources */,
				F3457F282079129000DA9BBA /* InfoCellModel.swift in Sources */,
				F305E706206BF52A00DE5495 /* Video.swift in Sources */,
				F305E702206BF3EB00DE5495 /* CategoryTableCellViewModel.swift in Sources */,
				F3954986206E6DAA00090D5F /* DetailVideoViewController.swift in Sources */,
				F3B11C52206F2D1D001FE066 /* CategoryInput.swift in Sources */,
				F328403D207A140700F4C976 /* AutoNextVideoCell.swift in Sources */,
				F34E00CC20693078002D783D /* UINavigationController.swift in Sources */,
				F34E00D120693078002D783D /* UITextField.swift in Sources */,
				F36869DF207085CA00DFAE14 /* TitleViewModel.swift in Sources */,
				F34E00B920693078002D783D /* Dictionary.swift in Sources */,
				F3B11C49206F2C4F001FE066 /* BaseService.swift in Sources */,
				F395497B206E699300090D5F /* FavoriteListViewModel.swift in Sources */,
				F34E00EF20693078002D783D /* TagView.swift in Sources */,
				F3B11C47206F2C4F001FE066 /* APIPath.swift in Sources */,
				F34E00EB20693078002D783D /* FacebookCommon.swift in Sources */,
				F34E00C020693078002D783D /* Optional.swift in Sources */,
				F3B11C56206F2E92001FE066 /* CategoryService.swift in Sources */,
				F305E6E5206BD3F200DE5495 /* ContentTableViewCell.swift in Sources */,
				F34E00BF20693078002D783D /* NSObject.swift in Sources */,
				F305E6EB206BD41F00DE5495 /* HomeViewController.swift in Sources */,
				F3F6668C206A693E00FCC803 /* HistoryViewController.swift in Sources */,
				F34E00B820693078002D783D /* Date.swift in Sources */,
				F34E00ED20693078002D783D /* PullTableView.swift in Sources */,
				F305E6FA206BED7200DE5495 /* SearchTableCellViewModel.swift in Sources */,
				F34E00C420693078002D783D /* Timer.swift in Sources */,
				F36869D820707CE200DFAE14 /* CategoryViewModel.swift in Sources */,
				F34E00C120693078002D783D /* RefreshControl.swift in Sources */,
				F305E6F0206BE21A00DE5495 /* SearchViewController.swift in Sources */,
				F305E70A206BF77500DE5495 /* FavoriteCollectionViewCell.swift in Sources */,
				F34E00C620693078002D783D /* UIButton.swift in Sources */,
				F3457F3820792CC200DA9BBA /* ChannelService.swift in Sources */,
				F3954982206E6B5600090D5F /* FavoriteListCellViewModel.swift in Sources */,
				F3457F3220791DFC00DA9BBA /* DescriptionCellViewModel.swift in Sources */,
				F36869D520707CD700DFAE14 /* CategoryViewController.swift in Sources */,
				F34E00EE20693078002D783D /* SearchTextField.swift in Sources */,
				F3457F25207910FF00DA9BBA /* InfoCell.swift in Sources */,
			);
			runOnlyForDeploymentPostprocessing = 0;
		};
		F34EFF8B20692E18002D783D /* Sources */ = {
			isa = PBXSourcesBuildPhase;
			buildActionMask = 2147483647;
			files = (
				F34EFF9420692E18002D783D /* FinalProjectTests.swift in Sources */,
			);
			runOnlyForDeploymentPostprocessing = 0;
		};
/* End PBXSourcesBuildPhase section */

/* Begin PBXTargetDependency section */
		F34EFF9120692E18002D783D /* PBXTargetDependency */ = {
			isa = PBXTargetDependency;
			target = F34EFF7A20692E17002D783D /* FinalProject */;
			targetProxy = F34EFF9020692E18002D783D /* PBXContainerItemProxy */;
		};
/* End PBXTargetDependency section */

/* Begin PBXVariantGroup section */
		F34E00FA206930B5002D783D /* LaunchScreen.storyboard */ = {
			isa = PBXVariantGroup;
			children = (
				F34E00FB206930B5002D783D /* Base */,
			);
			name = LaunchScreen.storyboard;
			sourceTree = "<group>";
		};
/* End PBXVariantGroup section */

/* Begin XCBuildConfiguration section */
		F34EFF9620692E18002D783D /* Debug */ = {
			isa = XCBuildConfiguration;
			buildSettings = {
				ALWAYS_SEARCH_USER_PATHS = NO;
				CLANG_ANALYZER_NONNULL = YES;
				CLANG_ANALYZER_NUMBER_OBJECT_CONVERSION = YES_AGGRESSIVE;
				CLANG_CXX_LANGUAGE_STANDARD = "gnu++14";
				CLANG_CXX_LIBRARY = "libc++";
				CLANG_ENABLE_MODULES = YES;
				CLANG_ENABLE_OBJC_ARC = YES;
				CLANG_WARN_BLOCK_CAPTURE_AUTORELEASING = YES;
				CLANG_WARN_BOOL_CONVERSION = YES;
				CLANG_WARN_COMMA = YES;
				CLANG_WARN_CONSTANT_CONVERSION = YES;
				CLANG_WARN_DIRECT_OBJC_ISA_USAGE = YES_ERROR;
				CLANG_WARN_DOCUMENTATION_COMMENTS = YES;
				CLANG_WARN_EMPTY_BODY = YES;
				CLANG_WARN_ENUM_CONVERSION = YES;
				CLANG_WARN_INFINITE_RECURSION = YES;
				CLANG_WARN_INT_CONVERSION = YES;
				CLANG_WARN_NON_LITERAL_NULL_CONVERSION = YES;
				CLANG_WARN_OBJC_LITERAL_CONVERSION = YES;
				CLANG_WARN_OBJC_ROOT_CLASS = YES_ERROR;
				CLANG_WARN_RANGE_LOOP_ANALYSIS = YES;
				CLANG_WARN_STRICT_PROTOTYPES = YES;
				CLANG_WARN_SUSPICIOUS_MOVE = YES;
				CLANG_WARN_UNGUARDED_AVAILABILITY = YES_AGGRESSIVE;
				CLANG_WARN_UNREACHABLE_CODE = YES;
				CLANG_WARN__DUPLICATE_METHOD_MATCH = YES;
				CODE_SIGN_IDENTITY = "iPhone Developer";
				COPY_PHASE_STRIP = NO;
				DEBUG_INFORMATION_FORMAT = dwarf;
				ENABLE_STRICT_OBJC_MSGSEND = YES;
				ENABLE_TESTABILITY = YES;
				GCC_C_LANGUAGE_STANDARD = gnu11;
				GCC_DYNAMIC_NO_PIC = NO;
				GCC_NO_COMMON_BLOCKS = YES;
				GCC_OPTIMIZATION_LEVEL = 0;
				GCC_PREPROCESSOR_DEFINITIONS = (
					"DEBUG=1",
					"$(inherited)",
				);
				GCC_WARN_64_TO_32_BIT_CONVERSION = YES;
				GCC_WARN_ABOUT_RETURN_TYPE = YES_ERROR;
				GCC_WARN_UNDECLARED_SELECTOR = YES;
				GCC_WARN_UNINITIALIZED_AUTOS = YES_AGGRESSIVE;
				GCC_WARN_UNUSED_FUNCTION = YES;
				GCC_WARN_UNUSED_VARIABLE = YES;
				IPHONEOS_DEPLOYMENT_TARGET = 11.2;
				MTL_ENABLE_DEBUG_INFO = YES;
				ONLY_ACTIVE_ARCH = YES;
				SDKROOT = iphoneos;
				SWIFT_ACTIVE_COMPILATION_CONDITIONS = DEBUG;
				SWIFT_OPTIMIZATION_LEVEL = "-Onone";
			};
			name = Debug;
		};
		F34EFF9720692E18002D783D /* Release */ = {
			isa = XCBuildConfiguration;
			buildSettings = {
				ALWAYS_SEARCH_USER_PATHS = NO;
				CLANG_ANALYZER_NONNULL = YES;
				CLANG_ANALYZER_NUMBER_OBJECT_CONVERSION = YES_AGGRESSIVE;
				CLANG_CXX_LANGUAGE_STANDARD = "gnu++14";
				CLANG_CXX_LIBRARY = "libc++";
				CLANG_ENABLE_MODULES = YES;
				CLANG_ENABLE_OBJC_ARC = YES;
				CLANG_WARN_BLOCK_CAPTURE_AUTORELEASING = YES;
				CLANG_WARN_BOOL_CONVERSION = YES;
				CLANG_WARN_COMMA = YES;
				CLANG_WARN_CONSTANT_CONVERSION = YES;
				CLANG_WARN_DIRECT_OBJC_ISA_USAGE = YES_ERROR;
				CLANG_WARN_DOCUMENTATION_COMMENTS = YES;
				CLANG_WARN_EMPTY_BODY = YES;
				CLANG_WARN_ENUM_CONVERSION = YES;
				CLANG_WARN_INFINITE_RECURSION = YES;
				CLANG_WARN_INT_CONVERSION = YES;
				CLANG_WARN_NON_LITERAL_NULL_CONVERSION = YES;
				CLANG_WARN_OBJC_LITERAL_CONVERSION = YES;
				CLANG_WARN_OBJC_ROOT_CLASS = YES_ERROR;
				CLANG_WARN_RANGE_LOOP_ANALYSIS = YES;
				CLANG_WARN_STRICT_PROTOTYPES = YES;
				CLANG_WARN_SUSPICIOUS_MOVE = YES;
				CLANG_WARN_UNGUARDED_AVAILABILITY = YES_AGGRESSIVE;
				CLANG_WARN_UNREACHABLE_CODE = YES;
				CLANG_WARN__DUPLICATE_METHOD_MATCH = YES;
				CODE_SIGN_IDENTITY = "iPhone Developer";
				COPY_PHASE_STRIP = NO;
				DEBUG_INFORMATION_FORMAT = "dwarf-with-dsym";
				ENABLE_NS_ASSERTIONS = NO;
				ENABLE_STRICT_OBJC_MSGSEND = YES;
				GCC_C_LANGUAGE_STANDARD = gnu11;
				GCC_NO_COMMON_BLOCKS = YES;
				GCC_WARN_64_TO_32_BIT_CONVERSION = YES;
				GCC_WARN_ABOUT_RETURN_TYPE = YES_ERROR;
				GCC_WARN_UNDECLARED_SELECTOR = YES;
				GCC_WARN_UNINITIALIZED_AUTOS = YES_AGGRESSIVE;
				GCC_WARN_UNUSED_FUNCTION = YES;
				GCC_WARN_UNUSED_VARIABLE = YES;
				IPHONEOS_DEPLOYMENT_TARGET = 11.2;
				MTL_ENABLE_DEBUG_INFO = NO;
				SDKROOT = iphoneos;
				SWIFT_OPTIMIZATION_LEVEL = "-Owholemodule";
				VALIDATE_PRODUCT = YES;
			};
			name = Release;
		};
		F34EFF9920692E18002D783D /* Debug */ = {
			isa = XCBuildConfiguration;
			baseConfigurationReference = 0AD588313B0CC837467210CC /* Pods-FinalProject.debug.xcconfig */;
			buildSettings = {
				ASSETCATALOG_COMPILER_APPICON_NAME = AppIcon;
				CLANG_ENABLE_MODULES = YES;
				CODE_SIGN_STYLE = Automatic;
				DEVELOPMENT_TEAM = 79ULVLGVJE;
				INFOPLIST_FILE = FinalProject/Info.plist;
				IPHONEOS_DEPLOYMENT_TARGET = 9.0;
				LD_RUNPATH_SEARCH_PATHS = "$(inherited) @executable_path/Frameworks";
				PRODUCT_BUNDLE_IDENTIFIER = com.duytang.FinalProject;
				PRODUCT_NAME = "$(TARGET_NAME)";
				SWIFT_OBJC_BRIDGING_HEADER = "";
				SWIFT_OPTIMIZATION_LEVEL = "-Onone";
				SWIFT_VERSION = 4.0;
				TARGETED_DEVICE_FAMILY = "1,2";
			};
			name = Debug;
		};
		F34EFF9A20692E18002D783D /* Release */ = {
			isa = XCBuildConfiguration;
			baseConfigurationReference = AC4A5DE54F83CA8D594D56C7 /* Pods-FinalProject.release.xcconfig */;
			buildSettings = {
				ASSETCATALOG_COMPILER_APPICON_NAME = AppIcon;
				CLANG_ENABLE_MODULES = YES;
				CODE_SIGN_STYLE = Automatic;
				DEVELOPMENT_TEAM = 79ULVLGVJE;
				INFOPLIST_FILE = FinalProject/Info.plist;
				IPHONEOS_DEPLOYMENT_TARGET = 9.0;
				LD_RUNPATH_SEARCH_PATHS = "$(inherited) @executable_path/Frameworks";
				PRODUCT_BUNDLE_IDENTIFIER = com.duytang.FinalProject;
				PRODUCT_NAME = "$(TARGET_NAME)";
				SWIFT_OBJC_BRIDGING_HEADER = "";
				SWIFT_VERSION = 4.0;
				TARGETED_DEVICE_FAMILY = "1,2";
			};
			name = Release;
		};
		F34EFF9C20692E18002D783D /* Debug */ = {
			isa = XCBuildConfiguration;
			baseConfigurationReference = 9210384012805D887DB0A344 /* Pods-FinalProjectTests.debug.xcconfig */;
			buildSettings = {
				ALWAYS_EMBED_SWIFT_STANDARD_LIBRARIES = YES;
				BUNDLE_LOADER = "$(TEST_HOST)";
				CODE_SIGN_STYLE = Automatic;
				DEVELOPMENT_TEAM = 79ULVLGVJE;
				INFOPLIST_FILE = FinalProjectTests/Info.plist;
				LD_RUNPATH_SEARCH_PATHS = "$(inherited) @executable_path/Frameworks @loader_path/Frameworks";
				PRODUCT_BUNDLE_IDENTIFIER = com.duytang.FinalProjectTests;
				PRODUCT_NAME = "$(TARGET_NAME)";
				SWIFT_VERSION = 4.0;
				TARGETED_DEVICE_FAMILY = "1,2";
				TEST_HOST = "$(BUILT_PRODUCTS_DIR)/FinalProject.app/FinalProject";
			};
			name = Debug;
		};
		F34EFF9D20692E18002D783D /* Release */ = {
			isa = XCBuildConfiguration;
			baseConfigurationReference = B1D98268370AD4FE25F4F504 /* Pods-FinalProjectTests.release.xcconfig */;
			buildSettings = {
				ALWAYS_EMBED_SWIFT_STANDARD_LIBRARIES = YES;
				BUNDLE_LOADER = "$(TEST_HOST)";
				CODE_SIGN_STYLE = Automatic;
				DEVELOPMENT_TEAM = 79ULVLGVJE;
				INFOPLIST_FILE = FinalProjectTests/Info.plist;
				LD_RUNPATH_SEARCH_PATHS = "$(inherited) @executable_path/Frameworks @loader_path/Frameworks";
				PRODUCT_BUNDLE_IDENTIFIER = com.duytang.FinalProjectTests;
				PRODUCT_NAME = "$(TARGET_NAME)";
				SWIFT_VERSION = 4.0;
				TARGETED_DEVICE_FAMILY = "1,2";
				TEST_HOST = "$(BUILT_PRODUCTS_DIR)/FinalProject.app/FinalProject";
			};
			name = Release;
		};
/* End XCBuildConfiguration section */

/* Begin XCConfigurationList section */
		F34EFF7620692E17002D783D /* Build configuration list for PBXProject "FinalProject" */ = {
			isa = XCConfigurationList;
			buildConfigurations = (
				F34EFF9620692E18002D783D /* Debug */,
				F34EFF9720692E18002D783D /* Release */,
			);
			defaultConfigurationIsVisible = 0;
			defaultConfigurationName = Release;
		};
		F34EFF9820692E18002D783D /* Build configuration list for PBXNativeTarget "FinalProject" */ = {
			isa = XCConfigurationList;
			buildConfigurations = (
				F34EFF9920692E18002D783D /* Debug */,
				F34EFF9A20692E18002D783D /* Release */,
			);
			defaultConfigurationIsVisible = 0;
			defaultConfigurationName = Release;
		};
		F34EFF9B20692E18002D783D /* Build configuration list for PBXNativeTarget "FinalProjectTests" */ = {
			isa = XCConfigurationList;
			buildConfigurations = (
				F34EFF9C20692E18002D783D /* Debug */,
				F34EFF9D20692E18002D783D /* Release */,
			);
			defaultConfigurationIsVisible = 0;
			defaultConfigurationName = Release;
		};
/* End XCConfigurationList section */
	};
	rootObject = F34EFF7320692E17002D783D /* Project object */;
}
